# This is a Gradle generated file for dependency locking.
# Manual edits can break the build and are not advised.
# This file is expected to be part of source control.
aopalliance:aopalliance:1.0=annotationProcessor,annotationProcessorCopy,compileClasspath,compileClasspathCopy,default,defaultCopy,runtimeClasspath,runtimeClasspathCopy,testCompileClasspath,testCompileClasspathCopy,testRuntimeClasspath,testRuntimeClasspathCopy
ch.qos.logback:logback-classic:1.2.9=compileClasspath,compileClasspathCopy,default,defaultCopy,runtimeClasspath,runtimeClasspathCopy,testCompileClasspath,testCompileClasspathCopy,testRuntimeClasspath,testRuntimeClasspathCopy
ch.qos.logback:logback-core:1.2.9=compileClasspath,compileClasspathCopy,default,defaultCopy,runtimeClasspath,runtimeClasspathCopy,testCompileClasspath,testCompileClasspathCopy,testRuntimeClasspath,testRuntimeClasspathCopy
com.cloudogu.legman.support:micrometer:2.0.0=compileClasspath,compileClasspathCopy,default,defaultCopy,runtimeClasspath,runtimeClasspathCopy,testCompileClasspath,testCompileClasspathCopy,testRuntimeClasspath,testRuntimeClasspathCopy
com.cloudogu.legman.support:shiro:2.0.0=compileClasspath,compileClasspathCopy,default,defaultCopy,runtimeClasspath,runtimeClasspathCopy,testCompileClasspath,testCompileClasspathCopy,testRuntimeClasspath,testRuntimeClasspathCopy
com.cloudogu.legman:core:2.0.0=annotationProcessor,annotationProcessorCopy,compileClasspath,compileClasspathCopy,default,defaultCopy,runtimeClasspath,runtimeClasspathCopy,testCompileClasspath,testCompileClasspathCopy,testRuntimeClasspath,testRuntimeClasspathCopy
com.cloudogu.spotter:spotter-core:4.0.0=compileClasspath,compileClasspathCopy,default,defaultCopy,runtimeClasspath,runtimeClasspathCopy,testCompileClasspath,testCompileClasspathCopy,testRuntimeClasspath,testRuntimeClasspathCopy
com.cronutils:cron-utils:9.1.6=default
com.cronutils:cron-utils:9.1.8=compileClasspath,compileClasspathCopy,defaultCopy,runtimeClasspath,runtimeClasspathCopy,testCompileClasspath,testCompileClasspathCopy,testRuntimeClasspath,testRuntimeClasspathCopy
com.damnhandy:handy-uri-templates:2.1.7=compileClasspath,compileClasspathCopy,default,defaultCopy,runtimeClasspath,runtimeClasspathCopy,testCompileClasspath,testCompileClasspathCopy,testRuntimeClasspath,testRuntimeClasspathCopy
com.fasterxml.jackson.core:jackson-annotations:2.12.1=swaggerDeps,swaggerDepsCopy
com.fasterxml.jackson.core:jackson-annotations:2.12.3=default
com.fasterxml.jackson.core:jackson-annotations:2.12.6=compileClasspath,compileClasspathCopy,defaultCopy,runtimeClasspath,runtimeClasspathCopy,testCompileClasspath,testCompileClasspathCopy,testRuntimeClasspath,testRuntimeClasspathCopy
com.fasterxml.jackson.core:jackson-core:2.12.1=swaggerDeps,swaggerDepsCopy
com.fasterxml.jackson.core:jackson-core:2.12.3=default
com.fasterxml.jackson.core:jackson-core:2.12.6=compileClasspath,compileClasspathCopy,defaultCopy,runtimeClasspath,runtimeClasspathCopy,testCompileClasspath,testCompileClasspathCopy,testRuntimeClasspath,testRuntimeClasspathCopy
com.fasterxml.jackson.core:jackson-databind:2.12.1=swaggerDeps,swaggerDepsCopy
com.fasterxml.jackson.core:jackson-databind:2.12.3=default
com.fasterxml.jackson.core:jackson-databind:2.12.6.1=compileClasspath,compileClasspathCopy,defaultCopy,runtimeClasspath,runtimeClasspathCopy,testCompileClasspath,testCompileClasspathCopy,testRuntimeClasspath,testRuntimeClasspathCopy
com.fasterxml.jackson.dataformat:jackson-dataformat-yaml:2.12.1=swaggerDeps,swaggerDepsCopy
com.fasterxml.jackson.dataformat:jackson-dataformat-yaml:2.12.6=compileClasspath,compileClasspathCopy
com.fasterxml.jackson.datatype:jackson-datatype-jdk8:2.12.3=default
com.fasterxml.jackson.datatype:jackson-datatype-jdk8:2.12.6=compileClasspath,compileClasspathCopy,defaultCopy,runtimeClasspath,runtimeClasspathCopy,testCompileClasspath,testCompileClasspathCopy,testRuntimeClasspath,testRuntimeClasspathCopy
com.fasterxml.jackson.datatype:jackson-datatype-jsr310:2.12.1=swaggerDeps,swaggerDepsCopy
com.fasterxml.jackson.datatype:jackson-datatype-jsr310:2.12.3=default
com.fasterxml.jackson.datatype:jackson-datatype-jsr310:2.12.6=compileClasspath,compileClasspathCopy,defaultCopy,runtimeClasspath,runtimeClasspathCopy,testCompileClasspath,testCompileClasspathCopy,testRuntimeClasspath,testRuntimeClasspathCopy
com.fasterxml.jackson.jaxrs:jackson-jaxrs-base:2.12.1=swaggerDeps,swaggerDepsCopy
com.fasterxml.jackson.jaxrs:jackson-jaxrs-base:2.12.3=default
com.fasterxml.jackson.jaxrs:jackson-jaxrs-base:2.12.6=compileClasspath,compileClasspathCopy,defaultCopy,runtimeClasspath,runtimeClasspathCopy,testCompileClasspath,testCompileClasspathCopy,testRuntimeClasspath,testRuntimeClasspathCopy
com.fasterxml.jackson.jaxrs:jackson-jaxrs-json-provider:2.12.1=swaggerDeps,swaggerDepsCopy
com.fasterxml.jackson.jaxrs:jackson-jaxrs-json-provider:2.12.3=default
com.fasterxml.jackson.jaxrs:jackson-jaxrs-json-provider:2.12.6=compileClasspath,compileClasspathCopy,defaultCopy,runtimeClasspath,runtimeClasspathCopy,testCompileClasspath,testCompileClasspathCopy,testRuntimeClasspath,testRuntimeClasspathCopy
com.fasterxml.jackson.module:jackson-module-jaxb-annotations:2.12.1=swaggerDeps,swaggerDepsCopy
com.fasterxml.jackson.module:jackson-module-jaxb-annotations:2.12.3=default
com.fasterxml.jackson.module:jackson-module-jaxb-annotations:2.12.6=compileClasspath,compileClasspathCopy,defaultCopy,runtimeClasspath,runtimeClasspathCopy,testCompileClasspath,testCompileClasspathCopy,testRuntimeClasspath,testRuntimeClasspathCopy
com.fasterxml.jackson:jackson-bom:2.12.1=swaggerDeps,swaggerDepsCopy
com.fasterxml.jackson:jackson-bom:2.12.3=default
com.fasterxml.jackson:jackson-bom:2.12.6=compileClasspath,compileClasspathCopy,defaultCopy,runtimeClasspath,runtimeClasspathCopy,testCompileClasspath,testCompileClasspathCopy,testRuntimeClasspath,testRuntimeClasspathCopy
com.fasterxml:classmate:1.5.1=compileClasspath,compileClasspathCopy,default,defaultCopy,runtimeClasspath,runtimeClasspathCopy,testCompileClasspath,testCompileClasspathCopy,testRuntimeClasspath,testRuntimeClasspathCopy
com.github.java-json-tools:btf:1.3=compileClasspath,compileClasspathCopy,default,defaultCopy,runtimeClasspath,runtimeClasspathCopy,testCompileClasspath,testCompileClasspathCopy,testRuntimeClasspath,testRuntimeClasspathCopy
com.github.java-json-tools:jackson-coreutils:2.0=compileClasspath,compileClasspathCopy,default,defaultCopy,runtimeClasspath,runtimeClasspathCopy,testCompileClasspath,testCompileClasspathCopy,testRuntimeClasspath,testRuntimeClasspathCopy
com.github.java-json-tools:json-patch:1.13=compileClasspath,compileClasspathCopy,default,defaultCopy,runtimeClasspath,runtimeClasspathCopy,testCompileClasspath,testCompileClasspathCopy,testRuntimeClasspath,testRuntimeClasspathCopy
com.github.java-json-tools:msg-simple:1.2=compileClasspath,compileClasspathCopy,default,defaultCopy,runtimeClasspath,runtimeClasspathCopy,testCompileClasspath,testCompileClasspathCopy,testRuntimeClasspath,testRuntimeClasspathCopy
com.github.sdorra:junit-shiro-extension:1.0.1=testCompileClasspath,testCompileClasspathCopy,testRuntimeClasspath,testRuntimeClasspathCopy
com.github.sdorra:shiro-unit:1.0.2=testCompileClasspath,testCompileClasspathCopy,testRuntimeClasspath,testRuntimeClasspathCopy
com.github.sdorra:ssp-lib:1.3.0=compileClasspath,compileClasspathCopy,default,defaultCopy,runtimeClasspath,runtimeClasspathCopy,testCompileClasspath,testCompileClasspathCopy,testRuntimeClasspath,testRuntimeClasspathCopy
com.github.sdorra:web-resources:1.1.1=compileClasspath,compileClasspathCopy,default,defaultCopy,runtimeClasspath,runtimeClasspathCopy,testCompileClasspath,testCompileClasspathCopy,testRuntimeClasspath,testRuntimeClasspathCopy
com.github.spullara.mustache.java:compiler:0.9.7=compileClasspath,compileClasspathCopy,default,defaultCopy,runtimeClasspath,runtimeClasspathCopy,testCompileClasspath,testCompileClasspathCopy,testRuntimeClasspath,testRuntimeClasspathCopy
com.google.code.findbugs:jsr305:3.0.2=annotationProcessor,annotationProcessorCopy,compileClasspath,compileClasspathCopy,default,defaultCopy,runtimeClasspath,runtimeClasspathCopy,testCompileClasspath,testCompileClasspathCopy,testRuntimeClasspath,testRuntimeClasspathCopy
com.google.errorprone:error_prone_annotations:2.3.4=annotationProcessor,annotationProcessorCopy,compileClasspath,compileClasspathCopy,default,defaultCopy,runtimeClasspath,runtimeClasspathCopy,testCompileClasspath,testCompileClasspathCopy,testRuntimeClasspath,testRuntimeClasspathCopy
com.google.guava:failureaccess:1.0.1=annotationProcessor,annotationProcessorCopy,compileClasspath,compileClasspathCopy,default,defaultCopy,runtimeClasspath,runtimeClasspathCopy,testCompileClasspath,testCompileClasspathCopy,testRuntimeClasspath,testRuntimeClasspathCopy
com.google.guava:guava:30.1-jre=annotationProcessor,annotationProcessorCopy,compileClasspath,compileClasspathCopy,default,defaultCopy,runtimeClasspath,runtimeClasspathCopy,testCompileClasspath,testCompileClasspathCopy,testRuntimeClasspath,testRuntimeClasspathCopy
com.google.guava:listenablefuture:9999.0-empty-to-avoid-conflict-with-guava=annotationProcessor,annotationProcessorCopy,compileClasspath,compileClasspathCopy,default,defaultCopy,runtimeClasspath,runtimeClasspathCopy,testCompileClasspath,testCompileClasspathCopy,testRuntimeClasspath,testRuntimeClasspathCopy
com.google.inject.extensions:guice-assistedinject:5.0.1=compileClasspath,compileClasspathCopy,default,defaultCopy,runtimeClasspath,runtimeClasspathCopy,testCompileClasspath,testCompileClasspathCopy,testRuntimeClasspath,testRuntimeClasspathCopy
com.google.inject.extensions:guice-multibindings:4.2.2=compileClasspath,compileClasspathCopy,default,defaultCopy,runtimeClasspath,runtimeClasspathCopy,testCompileClasspath,testCompileClasspathCopy,testRuntimeClasspath,testRuntimeClasspathCopy
com.google.inject.extensions:guice-servlet:5.0.1=compileClasspath,compileClasspathCopy,default,defaultCopy,runtimeClasspath,runtimeClasspathCopy,testCompileClasspath,testCompileClasspathCopy,testRuntimeClasspath,testRuntimeClasspathCopy
com.google.inject.extensions:guice-throwingproviders:5.0.1=compileClasspath,compileClasspathCopy,default,defaultCopy,runtimeClasspath,runtimeClasspathCopy,testCompileClasspath,testCompileClasspathCopy,testRuntimeClasspath,testRuntimeClasspathCopy
com.google.inject:guice:5.0.1=annotationProcessor,annotationProcessorCopy,compileClasspath,compileClasspathCopy,default,defaultCopy,runtimeClasspath,runtimeClasspathCopy,testCompileClasspath,testCompileClasspathCopy,testRuntimeClasspath,testRuntimeClasspathCopy
com.google.j2objc:j2objc-annotations:1.3=annotationProcessor,annotationProcessorCopy,compileClasspath,compileClasspathCopy,default,defaultCopy,runtimeClasspath,runtimeClasspathCopy,testCompileClasspath,testCompileClasspathCopy,testRuntimeClasspath,testRuntimeClasspathCopy
com.ibm.async:asyncutil:0.1.0=compileClasspath,compileClasspathCopy,default,defaultCopy,runtimeClasspath,runtimeClasspathCopy,testCompileClasspath,testCompileClasspathCopy,testRuntimeClasspath,testRuntimeClasspathCopy
com.sun.activation:jakarta.activation:1.2.1=compileClasspath,compileClasspathCopy,testCompileClasspath,testCompileClasspathCopy
com.sun.activation:jakarta.activation:1.2.2=default,defaultCopy,runtimeClasspath,runtimeClasspathCopy,testRuntimeClasspath,testRuntimeClasspathCopy
com.sun.istack:istack-commons-runtime:3.0.11=compileClasspath,compileClasspathCopy,default,defaultCopy,runtimeClasspath,runtimeClasspathCopy,testCompileClasspath,testCompileClasspathCopy,testRuntimeClasspath,testRuntimeClasspathCopy
com.sun.mail:jakarta.mail:1.6.5=compileClasspath,compileClasspathCopy,default,defaultCopy,runtimeClasspath,runtimeClasspathCopy,testCompileClasspath,testCompileClasspathCopy,testRuntimeClasspath,testRuntimeClasspathCopy
commons-beanutils:commons-beanutils:1.9.4=compileClasspath,compileClasspathCopy,default,defaultCopy,runtimeClasspath,runtimeClasspathCopy,testCompileClasspath,testCompileClasspathCopy,testRuntimeClasspath,testRuntimeClasspathCopy
commons-codec:commons-codec:1.15=compileClasspath,compileClasspathCopy,default,defaultCopy,runtimeClasspath,runtimeClasspathCopy,testCompileClasspath,testCompileClasspathCopy,testRuntimeClasspath,testRuntimeClasspathCopy
commons-collections:commons-collections:3.2.2=compileClasspath,compileClasspathCopy,default,defaultCopy,runtimeClasspath,runtimeClasspathCopy,testCompileClasspath,testCompileClasspathCopy,testRuntimeClasspath,testRuntimeClasspathCopy
commons-io:commons-io:2.9.0=compileClasspath,compileClasspathCopy,default,defaultCopy,runtimeClasspath,runtimeClasspathCopy,testCompileClasspath,testCompileClasspathCopy,testRuntimeClasspath,testRuntimeClasspathCopy
commons-lang:commons-lang:2.6=compileClasspath,compileClasspathCopy,default,defaultCopy,runtimeClasspath,runtimeClasspathCopy,testCompileClasspath,testCompileClasspathCopy,testRuntimeClasspath,testRuntimeClasspathCopy
commons-logging:commons-logging:1.2=compileClasspath,compileClasspathCopy,default,defaultCopy,runtimeClasspath,runtimeClasspathCopy,testCompileClasspath,testCompileClasspathCopy,testRuntimeClasspath,testRuntimeClasspathCopy
de.otto.edison:edison-hal:2.1.0=compileClasspath,compileClasspathCopy,default,defaultCopy,runtimeClasspath,runtimeClasspathCopy,testCompileClasspath,testCompileClasspathCopy,testRuntimeClasspath,testRuntimeClasspathCopy
info.picocli:picocli:4.6.3=annotationProcessor,annotationProcessorCopy,compileClasspath,compileClasspathCopy,default,defaultCopy,runtimeClasspath,runtimeClasspathCopy,testCompileClasspath,testCompileClasspathCopy,testRuntimeClasspath,testRuntimeClasspathCopy
io.github.classgraph:classgraph:4.8.117=compileClasspath,compileClasspathCopy,swaggerDeps,swaggerDepsCopy
io.github.mweirauch:micrometer-jvm-extras:0.2.2=compileClasspath,compileClasspathCopy,default,defaultCopy,runtimeClasspath,runtimeClasspathCopy,testCompileClasspath,testCompileClasspathCopy,testRuntimeClasspath,testRuntimeClasspathCopy
io.github.toolfactory:jvm-driver:4.0.0=compileClasspath,compileClasspathCopy,swaggerDeps,swaggerDepsCopy
io.github.toolfactory:narcissus:1.0.1=compileClasspath,compileClasspathCopy,swaggerDeps,swaggerDepsCopy
io.jsonwebtoken:jjwt-api:0.11.5=compileClasspath,compileClasspathCopy,default,defaultCopy,runtimeClasspath,runtimeClasspathCopy,testCompileClasspath,testCompileClasspathCopy,testRuntimeClasspath,testRuntimeClasspathCopy
io.jsonwebtoken:jjwt-impl:0.11.5=compileClasspath,compileClasspathCopy,default,defaultCopy,runtimeClasspath,runtimeClasspathCopy,testCompileClasspath,testCompileClasspathCopy,testRuntimeClasspath,testRuntimeClasspathCopy
io.jsonwebtoken:jjwt-jackson:0.11.5=compileClasspath,compileClasspathCopy,default,defaultCopy,runtimeClasspath,runtimeClasspathCopy,testCompileClasspath,testCompileClasspathCopy,testRuntimeClasspath,testRuntimeClasspathCopy
io.micrometer:micrometer-core:1.6.5=compileClasspath,compileClasspathCopy,default,defaultCopy,runtimeClasspath,runtimeClasspathCopy,testCompileClasspath,testCompileClasspathCopy,testRuntimeClasspath,testRuntimeClasspathCopy
io.smallrye.common:smallrye-common-annotation:1.6.0=compileClasspath,compileClasspathCopy,default,defaultCopy,runtimeClasspath,runtimeClasspathCopy,testCompileClasspath,testCompileClasspathCopy,testRuntimeClasspath,testRuntimeClasspathCopy
io.smallrye.common:smallrye-common-classloader:1.6.0=compileClasspath,compileClasspathCopy,default,defaultCopy,runtimeClasspath,runtimeClasspathCopy,testCompileClasspath,testCompileClasspathCopy,testRuntimeClasspath,testRuntimeClasspathCopy
io.smallrye.common:smallrye-common-constraint:1.6.0=compileClasspath,compileClasspathCopy,default,defaultCopy,runtimeClasspath,runtimeClasspathCopy,testCompileClasspath,testCompileClasspathCopy,testRuntimeClasspath,testRuntimeClasspathCopy
io.smallrye.common:smallrye-common-expression:1.6.0=compileClasspath,compileClasspathCopy,default,defaultCopy,runtimeClasspath,runtimeClasspathCopy,testCompileClasspath,testCompileClasspathCopy,testRuntimeClasspath,testRuntimeClasspathCopy
io.smallrye.common:smallrye-common-function:1.6.0=compileClasspath,compileClasspathCopy,default,defaultCopy,runtimeClasspath,runtimeClasspathCopy,testCompileClasspath,testCompileClasspathCopy,testRuntimeClasspath,testRuntimeClasspathCopy
io.smallrye.config:smallrye-config-common:2.3.0=compileClasspath,compileClasspathCopy,default,defaultCopy,runtimeClasspath,runtimeClasspathCopy,testCompileClasspath,testCompileClasspathCopy,testRuntimeClasspath,testRuntimeClasspathCopy
io.smallrye.config:smallrye-config-core:2.3.0=compileClasspath,compileClasspathCopy,default,defaultCopy,runtimeClasspath,runtimeClasspathCopy,testCompileClasspath,testCompileClasspathCopy,testRuntimeClasspath,testRuntimeClasspathCopy
io.smallrye.config:smallrye-config:2.3.0=compileClasspath,compileClasspathCopy,default,defaultCopy,runtimeClasspath,runtimeClasspathCopy,testCompileClasspath,testCompileClasspathCopy,testRuntimeClasspath,testRuntimeClasspathCopy
io.swagger.core.v3:swagger-annotations:2.1.12=compileClasspath,compileClasspathCopy,swaggerDeps,swaggerDepsCopy
io.swagger.core.v3:swagger-core:2.1.12=compileClasspath,compileClasspathCopy,swaggerDeps,swaggerDepsCopy
io.swagger.core.v3:swagger-integration:2.1.12=compileClasspath,compileClasspathCopy,swaggerDeps,swaggerDepsCopy
io.swagger.core.v3:swagger-jaxrs2:2.1.12=compileClasspath,compileClasspathCopy,swaggerDeps,swaggerDepsCopy
io.swagger.core.v3:swagger-models:2.1.12=compileClasspath,compileClasspathCopy,swaggerDeps,swaggerDepsCopy
jakarta.activation:jakarta.activation-api:1.2.1=swaggerDeps,swaggerDepsCopy
jakarta.activation:jakarta.activation-api:1.2.2=compileClasspath,compileClasspathCopy,default,defaultCopy,runtimeClasspath,runtimeClasspathCopy,testCompileClasspath,testCompileClasspathCopy,testRuntimeClasspath,testRuntimeClasspathCopy
jakarta.inject:jakarta.inject-api:1.0=compileClasspath,compileClasspathCopy,default,defaultCopy,runtimeClasspath,runtimeClasspathCopy,testCompileClasspath,testCompileClasspathCopy,testRuntimeClasspath,testRuntimeClasspathCopy
jakarta.validation:jakarta.validation-api:2.0.2=compileClasspath,compileClasspathCopy,default,defaultCopy,runtimeClasspath,runtimeClasspathCopy,swaggerDeps,swaggerDepsCopy,testCompileClasspath,testCompileClasspathCopy,testRuntimeClasspath,testRuntimeClasspathCopy
jakarta.xml.bind:jakarta.xml.bind-api:2.3.2=swaggerDeps,swaggerDepsCopy
jakarta.xml.bind:jakarta.xml.bind-api:2.3.3=compileClasspath,compileClasspathCopy,default,defaultCopy,runtimeClasspath,runtimeClasspathCopy,testCompileClasspath,testCompileClasspathCopy,testRuntimeClasspath,testRuntimeClasspathCopy
javax.annotation:javax.annotation-api:1.3.2=compileClasspath,compileClasspathCopy,default,defaultCopy,runtimeClasspath,runtimeClasspathCopy,testCompileClasspath,testCompileClasspathCopy,testRuntimeClasspath,testRuntimeClasspathCopy
javax.el:javax.el-api:3.0.0=testCompileClasspath,testCompileClasspathCopy,testRuntimeClasspath,testRuntimeClasspathCopy
javax.inject:javax.inject:1=annotationProcessor,annotationProcessorCopy,compileClasspath,compileClasspathCopy,default,defaultCopy,runtimeClasspath,runtimeClasspathCopy,testCompileClasspath,testCompileClasspathCopy,testRuntimeClasspath,testRuntimeClasspathCopy
javax.servlet:javax.servlet-api:3.1.0=compileClasspath,compileClasspathCopy,default,defaultCopy,providedCompile,providedCompileCopy,providedRuntime,providedRuntimeCopy,runtimeClasspath,runtimeClasspathCopy,swaggerDeps,swaggerDepsCopy,testCompileClasspath,testCompileClasspathCopy,testRuntimeClasspath,testRuntimeClasspathCopy
javax.ws.rs:javax.ws.rs-api:2.1=swaggerDeps,swaggerDepsCopy
javax.ws.rs:javax.ws.rs-api:2.1.1=annotationProcessor,annotationProcessorCopy,compileClasspath,compileClasspathCopy,default,defaultCopy,runtimeClasspath,runtimeClasspathCopy,testCompileClasspath,testCompileClasspathCopy,testRuntimeClasspath,testRuntimeClasspathCopy
joda-time:joda-time:2.10=compileClasspath,compileClasspathCopy,default,defaultCopy,runtimeClasspath,runtimeClasspathCopy,testCompileClasspath,testCompileClasspathCopy,testRuntimeClasspath,testRuntimeClasspathCopy
junit:junit:4.13.1=testCompileClasspath,testCompileClasspathCopy,testRuntimeClasspath,testRuntimeClasspathCopy
net.bytebuddy:byte-buddy-agent:1.10.18=testCompileClasspath,testCompileClasspathCopy,testRuntimeClasspath,testRuntimeClasspathCopy
net.bytebuddy:byte-buddy:1.10.18=testCompileClasspath,testCompileClasspathCopy,testRuntimeClasspath,testRuntimeClasspathCopy
net.java.dev.jna:jna:5.6.0=compileClasspath,compileClasspathCopy,default,defaultCopy,runtimeClasspath,runtimeClasspathCopy,testCompileClasspath,testCompileClasspathCopy,testRuntimeClasspath,testRuntimeClasspathCopy
org.apache.commons:commons-compress:1.20=compileClasspath,compileClasspathCopy,default,defaultCopy,runtimeClasspath,runtimeClasspathCopy,testCompileClasspath,testCompileClasspathCopy,testRuntimeClasspath,testRuntimeClasspathCopy
org.apache.commons:commons-lang3:3.7=compileClasspath,compileClasspathCopy,swaggerDeps,swaggerDepsCopy
org.apache.httpcomponents:httpclient:4.5.13=compileClasspath,compileClasspathCopy,default,defaultCopy,runtimeClasspath,runtimeClasspathCopy,testCompileClasspath,testCompileClasspathCopy,testRuntimeClasspath,testRuntimeClasspathCopy
org.apache.httpcomponents:httpcore:4.4.13=compileClasspath,compileClasspathCopy,default,defaultCopy,runtimeClasspath,runtimeClasspathCopy,testCompileClasspath,testCompileClasspathCopy,testRuntimeClasspath,testRuntimeClasspathCopy
org.apache.james:apache-mime4j-core:0.8.3=compileClasspath,compileClasspathCopy,default,defaultCopy,runtimeClasspath,runtimeClasspathCopy,testCompileClasspath,testCompileClasspathCopy,testRuntimeClasspath,testRuntimeClasspathCopy
org.apache.james:apache-mime4j-dom:0.8.3=compileClasspath,compileClasspathCopy,default,defaultCopy,runtimeClasspath,runtimeClasspathCopy,testCompileClasspath,testCompileClasspathCopy,testRuntimeClasspath,testRuntimeClasspathCopy
org.apache.james:apache-mime4j-storage:0.8.3=compileClasspath,compileClasspathCopy,default,defaultCopy,runtimeClasspath,runtimeClasspathCopy,testCompileClasspath,testCompileClasspathCopy,testRuntimeClasspath,testRuntimeClasspathCopy
org.apache.lucene:lucene-analyzers-common:8.9.0=compileClasspath,compileClasspathCopy,default,defaultCopy,runtimeClasspath,runtimeClasspathCopy,testCompileClasspath,testCompileClasspathCopy,testRuntimeClasspath,testRuntimeClasspathCopy
org.apache.lucene:lucene-core:8.9.0=compileClasspath,compileClasspathCopy,default,defaultCopy,runtimeClasspath,runtimeClasspathCopy,testCompileClasspath,testCompileClasspathCopy,testRuntimeClasspath,testRuntimeClasspathCopy
org.apache.lucene:lucene-highlighter:8.9.0=compileClasspath,compileClasspathCopy,default,defaultCopy,runtimeClasspath,runtimeClasspathCopy,testCompileClasspath,testCompileClasspathCopy,testRuntimeClasspath,testRuntimeClasspathCopy
org.apache.lucene:lucene-memory:8.9.0=compileClasspath,compileClasspathCopy,default,defaultCopy,runtimeClasspath,runtimeClasspathCopy,testCompileClasspath,testCompileClasspathCopy,testRuntimeClasspath,testRuntimeClasspathCopy
org.apache.lucene:lucene-queries:8.9.0=compileClasspath,compileClasspathCopy,default,defaultCopy,runtimeClasspath,runtimeClasspathCopy,testCompileClasspath,testCompileClasspathCopy,testRuntimeClasspath,testRuntimeClasspathCopy
org.apache.lucene:lucene-queryparser:8.9.0=compileClasspath,compileClasspathCopy,default,defaultCopy,runtimeClasspath,runtimeClasspathCopy,testCompileClasspath,testCompileClasspathCopy,testRuntimeClasspath,testRuntimeClasspathCopy
org.apache.lucene:lucene-sandbox:8.9.0=compileClasspath,compileClasspathCopy,default,defaultCopy,runtimeClasspath,runtimeClasspathCopy,testCompileClasspath,testCompileClasspathCopy,testRuntimeClasspath,testRuntimeClasspathCopy
org.apache.shiro:shiro-cache:1.8.0=compileClasspath,compileClasspathCopy,default,defaultCopy,runtimeClasspath,runtimeClasspathCopy,testCompileClasspath,testCompileClasspathCopy,testRuntimeClasspath,testRuntimeClasspathCopy
org.apache.shiro:shiro-config-core:1.8.0=compileClasspath,compileClasspathCopy,default,defaultCopy,runtimeClasspath,runtimeClasspathCopy,testCompileClasspath,testCompileClasspathCopy,testRuntimeClasspath,testRuntimeClasspathCopy
org.apache.shiro:shiro-config-ogdl:1.8.0=compileClasspath,compileClasspathCopy,default,defaultCopy,runtimeClasspath,runtimeClasspathCopy,testCompileClasspath,testCompileClasspathCopy,testRuntimeClasspath,testRuntimeClasspathCopy
org.apache.shiro:shiro-core:1.8.0=compileClasspath,compileClasspathCopy,default,defaultCopy,runtimeClasspath,runtimeClasspathCopy,testCompileClasspath,testCompileClasspathCopy,testRuntimeClasspath,testRuntimeClasspathCopy
org.apache.shiro:shiro-crypto-cipher:1.8.0=compileClasspath,compileClasspathCopy,default,defaultCopy,runtimeClasspath,runtimeClasspathCopy,testCompileClasspath,testCompileClasspathCopy,testRuntimeClasspath,testRuntimeClasspathCopy
org.apache.shiro:shiro-crypto-core:1.8.0=compileClasspath,compileClasspathCopy,default,defaultCopy,runtimeClasspath,runtimeClasspathCopy,testCompileClasspath,testCompileClasspathCopy,testRuntimeClasspath,testRuntimeClasspathCopy
org.apache.shiro:shiro-crypto-hash:1.8.0=compileClasspath,compileClasspathCopy,default,defaultCopy,runtimeClasspath,runtimeClasspathCopy,testCompileClasspath,testCompileClasspathCopy,testRuntimeClasspath,testRuntimeClasspathCopy
org.apache.shiro:shiro-event:1.8.0=compileClasspath,compileClasspathCopy,default,defaultCopy,runtimeClasspath,runtimeClasspathCopy,testCompileClasspath,testCompileClasspathCopy,testRuntimeClasspath,testRuntimeClasspathCopy
org.apache.shiro:shiro-guice:1.8.0=compileClasspath,compileClasspathCopy,default,defaultCopy,runtimeClasspath,runtimeClasspathCopy,testCompileClasspath,testCompileClasspathCopy,testRuntimeClasspath,testRuntimeClasspathCopy
org.apache.shiro:shiro-lang:1.8.0=compileClasspath,compileClasspathCopy,default,defaultCopy,runtimeClasspath,runtimeClasspathCopy,testCompileClasspath,testCompileClasspathCopy,testRuntimeClasspath,testRuntimeClasspathCopy
org.apache.shiro:shiro-web:1.8.0=compileClasspath,compileClasspathCopy,default,defaultCopy,runtimeClasspath,runtimeClasspathCopy,testCompileClasspath,testCompileClasspathCopy,testRuntimeClasspath,testRuntimeClasspathCopy
org.apache.tika:tika-core:1.25=compileClasspath,compileClasspathCopy,default,defaultCopy,runtimeClasspath,runtimeClasspathCopy,testCompileClasspath,testCompileClasspathCopy,testRuntimeClasspath,testRuntimeClasspathCopy
org.apiguardian:apiguardian-api:1.1.0=testCompileClasspath,testCompileClasspathCopy,testRuntimeClasspath,testRuntimeClasspathCopy
org.assertj:assertj-core:3.18.1=testCompileClasspath,testCompileClasspathCopy,testRuntimeClasspath,testRuntimeClasspathCopy
org.awaitility:awaitility:4.0.2=testCompileClasspath,testCompileClasspathCopy,testRuntimeClasspath,testRuntimeClasspathCopy
org.bouncycastle:bcpg-jdk15on:1.67=compileClasspath,compileClasspathCopy,default,defaultCopy,runtimeClasspath,runtimeClasspathCopy,testCompileClasspath,testCompileClasspathCopy,testRuntimeClasspath,testRuntimeClasspathCopy
org.bouncycastle:bcpkix-jdk15on:1.67=compileClasspath,compileClasspathCopy,default,defaultCopy,runtimeClasspath,runtimeClasspathCopy,testCompileClasspath,testCompileClasspathCopy,testRuntimeClasspath,testRuntimeClasspathCopy
org.bouncycastle:bcprov-jdk15on:1.67=compileClasspath,compileClasspathCopy,default,defaultCopy,runtimeClasspath,runtimeClasspathCopy,testCompileClasspath,testCompileClasspathCopy,testRuntimeClasspath,testRuntimeClasspathCopy
org.checkerframework:checker-qual:3.5.0=annotationProcessor,annotationProcessorCopy,compileClasspath,compileClasspathCopy,default,defaultCopy,runtimeClasspath,runtimeClasspathCopy,testCompileClasspath,testCompileClasspathCopy,testRuntimeClasspath,testRuntimeClasspathCopy
org.eclipse.microprofile.config:microprofile-config-api:2.0=compileClasspath,compileClasspathCopy,default,defaultCopy,runtimeClasspath,runtimeClasspathCopy,testCompileClasspath,testCompileClasspathCopy,testRuntimeClasspath,testRuntimeClasspathCopy
org.glassfish.jaxb:jaxb-runtime:2.3.3=compileClasspath,compileClasspathCopy,default,defaultCopy,runtimeClasspath,runtimeClasspathCopy,testCompileClasspath,testCompileClasspathCopy,testRuntimeClasspath,testRuntimeClasspathCopy
org.glassfish.jaxb:txw2:2.3.3=compileClasspath,compileClasspathCopy,default,defaultCopy,runtimeClasspath,runtimeClasspathCopy,testCompileClasspath,testCompileClasspathCopy,testRuntimeClasspath,testRuntimeClasspathCopy
org.glassfish:jakarta.el:3.0.4=compileClasspath,compileClasspathCopy,defaultCopy,runtimeClasspath,runtimeClasspathCopy,testCompileClasspath,testCompileClasspathCopy,testRuntimeClasspath,testRuntimeClasspathCopy
org.glassfish:javax.el:3.0.1-b11=default,testCompileClasspath,testCompileClasspathCopy,testRuntimeClasspath,testRuntimeClasspathCopy
org.hamcrest:hamcrest-core:2.1=testCompileClasspath,testCompileClasspathCopy,testRuntimeClasspath,testRuntimeClasspathCopy
org.hamcrest:hamcrest-library:2.1=testCompileClasspath,testCompileClasspathCopy,testRuntimeClasspath,testRuntimeClasspathCopy
org.hamcrest:hamcrest:2.1=testCompileClasspath,testCompileClasspathCopy,testRuntimeClasspath,testRuntimeClasspathCopy
org.hdrhistogram:HdrHistogram:2.1.12=compileClasspath,compileClasspathCopy,default,defaultCopy,runtimeClasspath,runtimeClasspathCopy,testCompileClasspath,testCompileClasspathCopy,testRuntimeClasspath,testRuntimeClasspathCopy
org.hibernate.validator:hibernate-validator:6.1.6.Final=compileClasspath,compileClasspathCopy,default,defaultCopy,runtimeClasspath,runtimeClasspathCopy,testCompileClasspath,testCompileClasspathCopy,testRuntimeClasspath,testRuntimeClasspathCopy
org.jacoco:org.jacoco.agent:0.8.7=jacocoAgentCopy,jacocoAntCopy
org.jacoco:org.jacoco.ant:0.8.7=jacocoAntCopy
org.jacoco:org.jacoco.core:0.8.7=jacocoAntCopy
org.jacoco:org.jacoco.report:0.8.7=jacocoAntCopy
org.javassist:javassist:3.25.0-GA=compileClasspath,compileClasspathCopy,swaggerDeps,swaggerDepsCopy
org.javassist:javassist:3.27.0-GA=default
org.jboss.logging:jboss-logging:3.4.2.Final=compileClasspath,compileClasspathCopy,default,defaultCopy,runtimeClasspath,runtimeClasspathCopy,testCompileClasspath,testCompileClasspathCopy,testRuntimeClasspath,testRuntimeClasspathCopy
org.jboss.resteasy:resteasy-client-api:4.7.5.Final=compileClasspath,compileClasspathCopy,default,defaultCopy,runtimeClasspath,runtimeClasspathCopy,testCompileClasspath,testCompileClasspathCopy,testRuntimeClasspath,testRuntimeClasspathCopy
org.jboss.resteasy:resteasy-client:4.7.5.Final=compileClasspath,compileClasspathCopy,default,defaultCopy,runtimeClasspath,runtimeClasspathCopy,testCompileClasspath,testCompileClasspathCopy,testRuntimeClasspath,testRuntimeClasspathCopy
org.jboss.resteasy:resteasy-core-spi:4.7.5.Final=compileClasspath,compileClasspathCopy,default,defaultCopy,runtimeClasspath,runtimeClasspathCopy,testCompileClasspath,testCompileClasspathCopy,testRuntimeClasspath,testRuntimeClasspathCopy
org.jboss.resteasy:resteasy-core:4.7.5.Final=compileClasspath,compileClasspathCopy,default,defaultCopy,runtimeClasspath,runtimeClasspathCopy,testCompileClasspath,testCompileClasspathCopy,testRuntimeClasspath,testRuntimeClasspathCopy
org.jboss.resteasy:resteasy-guice:4.7.5.Final=compileClasspath,compileClasspathCopy,default,defaultCopy,runtimeClasspath,runtimeClasspathCopy,testCompileClasspath,testCompileClasspathCopy,testRuntimeClasspath,testRuntimeClasspathCopy
org.jboss.resteasy:resteasy-jackson2-provider:4.7.5.Final=compileClasspath,compileClasspathCopy,default,defaultCopy,runtimeClasspath,runtimeClasspathCopy,testCompileClasspath,testCompileClasspathCopy,testRuntimeClasspath,testRuntimeClasspathCopy
org.jboss.resteasy:resteasy-jaxb-provider:4.7.5.Final=compileClasspath,compileClasspathCopy,default,defaultCopy,runtimeClasspath,runtimeClasspathCopy,testCompileClasspath,testCompileClasspathCopy,testRuntimeClasspath,testRuntimeClasspathCopy
org.jboss.resteasy:resteasy-multipart-provider:4.7.5.Final=compileClasspath,compileClasspathCopy,default,defaultCopy,runtimeClasspath,runtimeClasspathCopy,testCompileClasspath,testCompileClasspathCopy,testRuntimeClasspath,testRuntimeClasspathCopy
org.jboss.resteasy:resteasy-servlet-initializer:4.7.5.Final=compileClasspath,compileClasspathCopy,default,defaultCopy,runtimeClasspath,runtimeClasspathCopy,testCompileClasspath,testCompileClasspathCopy,testRuntimeClasspath,testRuntimeClasspathCopy
org.jboss.resteasy:resteasy-validator-provider:4.7.5.Final=compileClasspath,compileClasspathCopy,default,defaultCopy,runtimeClasspath,runtimeClasspathCopy,testCompileClasspath,testCompileClasspathCopy,testRuntimeClasspath,testRuntimeClasspathCopy
org.jboss.spec.javax.annotation:jboss-annotations-api_1.3_spec:2.0.1.Final=compileClasspath,compileClasspathCopy,default,defaultCopy,runtimeClasspath,runtimeClasspathCopy,testCompileClasspath,testCompileClasspathCopy,testRuntimeClasspath,testRuntimeClasspathCopy
org.jboss.spec.javax.ws.rs:jboss-jaxrs-api_2.1_spec:2.0.1.Final=compileClasspath,compileClasspathCopy,default,defaultCopy,runtimeClasspath,runtimeClasspathCopy,testCompileClasspath,testCompileClasspathCopy,testRuntimeClasspath,testRuntimeClasspathCopy
org.jboss.spec.javax.xml.bind:jboss-jaxb-api_2.3_spec:2.0.0.Final=compileClasspath,compileClasspathCopy,default,defaultCopy,runtimeClasspath,runtimeClasspathCopy,testCompileClasspath,testCompileClasspathCopy,testRuntimeClasspath,testRuntimeClasspathCopy
org.junit-pioneer:junit-pioneer:1.6.2=testCompileClasspath,testCompileClasspathCopy,testRuntimeClasspath,testRuntimeClasspathCopy
org.junit.jupiter:junit-jupiter-api:5.7.0=testCompileClasspath,testCompileClasspathCopy
org.junit.jupiter:junit-jupiter-api:5.7.2=testRuntimeClasspath,testRuntimeClasspathCopy
org.junit.jupiter:junit-jupiter-engine:5.7.0=testCompileClasspath,testCompileClasspathCopy
org.junit.jupiter:junit-jupiter-engine:5.7.2=testRuntimeClasspath,testRuntimeClasspathCopy
org.junit.jupiter:junit-jupiter-params:5.7.0=testCompileClasspath,testCompileClasspathCopy
org.junit.jupiter:junit-jupiter-params:5.7.2=testRuntimeClasspath,testRuntimeClasspathCopy
org.junit.platform:junit-platform-commons:1.7.0=testCompileClasspath,testCompileClasspathCopy
org.junit.platform:junit-platform-commons:1.7.2=testRuntimeClasspath,testRuntimeClasspathCopy
org.junit.platform:junit-platform-engine:1.7.0=testCompileClasspath,testCompileClasspathCopy
org.junit.platform:junit-platform-engine:1.7.2=testRuntimeClasspath,testRuntimeClasspathCopy
org.junit.platform:junit-platform-launcher:1.7.2=testRuntimeClasspath,testRuntimeClasspathCopy
org.junit.vintage:junit-vintage-engine:5.7.0=testCompileClasspath,testCompileClasspathCopy
org.junit.vintage:junit-vintage-engine:5.7.2=testRuntimeClasspath,testRuntimeClasspathCopy
org.junit:junit-bom:5.7.0=testCompileClasspath,testCompileClasspathCopy
org.junit:junit-bom:5.7.2=testRuntimeClasspath,testRuntimeClasspathCopy
org.kohsuke:akuma:1.10=compileClasspath,compileClasspathCopy,default,defaultCopy,runtimeClasspath,runtimeClasspathCopy,testCompileClasspath,testCompileClasspathCopy,testRuntimeClasspath,testRuntimeClasspathCopy
org.latencyutils:LatencyUtils:2.0.3=default,defaultCopy,runtimeClasspath,runtimeClasspathCopy,testRuntimeClasspath,testRuntimeClasspathCopy
org.mapstruct:mapstruct-jdk8:1.3.1.Final=annotationProcessor,annotationProcessorCopy,compileClasspath,compileClasspathCopy,default,defaultCopy,runtimeClasspath,runtimeClasspathCopy,testCompileClasspath,testCompileClasspathCopy,testRuntimeClasspath,testRuntimeClasspathCopy
org.mapstruct:mapstruct-processor:1.3.1.Final=annotationProcessor,annotationProcessorCopy
org.mapstruct:mapstruct:1.3.1.Final=annotationProcessor,annotationProcessorCopy,compileClasspath,compileClasspathCopy,default,defaultCopy,runtimeClasspath,runtimeClasspathCopy,testCompileClasspath,testCompileClasspathCopy,testRuntimeClasspath,testRuntimeClasspathCopy
org.mockito:mockito-core:3.6.28=testCompileClasspath,testCompileClasspathCopy,testRuntimeClasspath,testRuntimeClasspathCopy
org.mockito:mockito-junit-jupiter:3.6.28=testCompileClasspath,testCompileClasspathCopy,testRuntimeClasspath,testRuntimeClasspathCopy
org.objenesis:objenesis:3.1=testCompileClasspath,testCompileClasspathCopy,testRuntimeClasspath,testRuntimeClasspathCopy
org.opentest4j:opentest4j:1.2.0=testCompileClasspath,testCompileClasspathCopy,testRuntimeClasspath,testRuntimeClasspathCopy
org.ow2.asm:asm-analysis:9.1=jacocoAntCopy
org.ow2.asm:asm-commons:9.1=jacocoAntCopy
org.ow2.asm:asm-tree:9.1=jacocoAntCopy
org.ow2.asm:asm:9.1=compileClasspath,compileClasspathCopy,default,defaultCopy,jacocoAntCopy,runtimeClasspath,runtimeClasspathCopy,testCompileClasspath,testCompileClasspathCopy,testRuntimeClasspath,testRuntimeClasspathCopy
org.owasp.encoder:encoder:1.2.2=compileClasspath,compileClasspathCopy,default,defaultCopy,runtimeClasspath,runtimeClasspathCopy,testCompileClasspath,testCompileClasspathCopy,testRuntimeClasspath,testRuntimeClasspathCopy
org.projectlombok:lombok:1.18.10=annotationProcessor,annotationProcessorCopy,compileClasspath,compileClasspathCopy,testAnnotationProcessor,testAnnotationProcessorCopy,testCompileClasspath,testCompileClasspathCopy
org.reactivestreams:reactive-streams:1.0.3=compileClasspath,compileClasspathCopy,default,defaultCopy,runtimeClasspath,runtimeClasspathCopy,testCompileClasspath,testCompileClasspathCopy,testRuntimeClasspath,testRuntimeClasspathCopy
org.slf4j:jcl-over-slf4j:1.7.30=compileClasspath,compileClasspathCopy,default,defaultCopy,runtimeClasspath,runtimeClasspathCopy,testCompileClasspath,testCompileClasspathCopy,testRuntimeClasspath,testRuntimeClasspathCopy
org.slf4j:slf4j-api:1.7.25=swaggerDeps,swaggerDepsCopy
org.slf4j:slf4j-api:1.7.30=annotationProcessor,annotationProcessorCopy
org.slf4j:slf4j-api:1.7.32=compileClasspath,compileClasspathCopy,default,defaultCopy,runtimeClasspath,runtimeClasspathCopy,testCompileClasspath,testCompileClasspathCopy,testRuntimeClasspath,testRuntimeClasspathCopy
org.yaml:snakeyaml:1.27=compileClasspath,compileClasspathCopy,swaggerDeps,swaggerDepsCopy
empty=archives,archivesCopy,assets,assetsCopy,corePlugin,corePluginCopy
