# This is a Gradle generated file for dependency locking.
# Manual edits can break the build and are not advised.
# This file is expected to be part of source control.
aopalliance:aopalliance:1.0=compileClasspath,compileClasspathCopy,defaultCopy,runtimeClasspathCopy,testCompileClasspathCopy,testRuntimeClasspathCopy
com.cloudogu.legman:core:2.0.0=compileClasspath,compileClasspathCopy,defaultCopy,runtimeClasspathCopy,testCompileClasspathCopy,testRuntimeClasspathCopy
com.google.code.findbugs:jsr305:3.0.2=compileClasspath,compileClasspathCopy,defaultCopy,runtimeClasspathCopy,testCompileClasspathCopy,testRuntimeClasspathCopy
com.google.errorprone:error_prone_annotations:2.3.4=compileClasspath,compileClasspathCopy,defaultCopy,runtimeClasspathCopy,testCompileClasspathCopy,testRuntimeClasspathCopy
com.google.guava:failureaccess:1.0.1=compileClasspath,compileClasspathCopy,defaultCopy,runtimeClasspathCopy,testCompileClasspathCopy,testRuntimeClasspathCopy
com.google.guava:guava:30.1-jre=compileClasspath,compileClasspathCopy,defaultCopy,runtimeClasspathCopy,testCompileClasspathCopy,testRuntimeClasspathCopy
com.google.guava:listenablefuture:9999.0-empty-to-avoid-conflict-with-guava=compileClasspath,compileClasspathCopy,defaultCopy,runtimeClasspathCopy,testCompileClasspathCopy,testRuntimeClasspathCopy
com.google.inject:guice:5.0.1=compileClasspath,compileClasspathCopy,defaultCopy,runtimeClasspathCopy,testCompileClasspathCopy,testRuntimeClasspathCopy
com.google.j2objc:j2objc-annotations:1.3=compileClasspath,compileClasspathCopy,defaultCopy,runtimeClasspathCopy,testCompileClasspathCopy,testRuntimeClasspathCopy
javax.inject:javax.inject:1=compileClasspath,compileClasspathCopy,defaultCopy,runtimeClasspathCopy,testCompileClasspathCopy,testRuntimeClasspathCopy
javax.ws.rs:javax.ws.rs-api:2.1.1=compileClasspath,compileClasspathCopy,defaultCopy,runtimeClasspathCopy,testCompileClasspathCopy,testRuntimeClasspathCopy
org.checkerframework:checker-qual:3.5.0=compileClasspath,compileClasspathCopy,defaultCopy,runtimeClasspathCopy,testCompileClasspathCopy,testRuntimeClasspathCopy
org.kohsuke.metainf-services:metainf-services:1.8=annotationProcessor,annotationProcessorCopy,compileClasspath,compileClasspathCopy
org.mapstruct:mapstruct-jdk8:1.3.1.Final=compileClasspath,compileClasspathCopy,defaultCopy,runtimeClasspathCopy,testCompileClasspathCopy,testRuntimeClasspathCopy
org.mapstruct:mapstruct:1.3.1.Final=compileClasspath,compileClasspathCopy,defaultCopy,runtimeClasspathCopy,testCompileClasspathCopy,testRuntimeClasspathCopy
org.slf4j:slf4j-api:1.7.30=compileClasspath,compileClasspathCopy,defaultCopy,runtimeClasspathCopy,testCompileClasspathCopy,testRuntimeClasspathCopy
empty=archivesCopy,testAnnotationProcessorCopy
