# This is a Gradle generated file for dependency locking.
# Manual edits can break the build and are not advised.
# This file is expected to be part of source control.
aopalliance:aopalliance:1.0=compileClasspath,compileClasspathCopy,default,defaultCopy,runtimeClasspath,runtimeClasspathCopy,testCompileClasspath,testCompileClasspathCopy,testRuntimeClasspath,testRuntimeClasspathCopy
com.cloudogu.legman:core:2.0.1=compileClasspath,compileClasspathCopy,default,defaultCopy,runtimeClasspath,runtimeClasspathCopy,testCompileClasspath,testCompileClasspathCopy,testRuntimeClasspath,testRuntimeClasspathCopy
com.google.code.findbugs:jsr305:3.0.2=compileClasspath,compileClasspathCopy,default,defaultCopy,runtimeClasspath,runtimeClasspathCopy,testCompileClasspath,testCompileClasspathCopy,testRuntimeClasspath,testRuntimeClasspathCopy
com.google.errorprone:error_prone_annotations:2.3.4=compileClasspath,compileClasspathCopy,default,defaultCopy,runtimeClasspath,runtimeClasspathCopy,testCompileClasspath,testCompileClasspathCopy,testRuntimeClasspath,testRuntimeClasspathCopy
com.google.guava:failureaccess:1.0.1=compileClasspath,compileClasspathCopy,default,defaultCopy,runtimeClasspath,runtimeClasspathCopy,testCompileClasspath,testCompileClasspathCopy,testRuntimeClasspath,testRuntimeClasspathCopy
com.google.guava:guava:30.1-jre=compileClasspath,compileClasspathCopy,default,defaultCopy,runtimeClasspath,runtimeClasspathCopy,testCompileClasspath,testCompileClasspathCopy,testRuntimeClasspath,testRuntimeClasspathCopy
com.google.guava:listenablefuture:9999.0-empty-to-avoid-conflict-with-guava=compileClasspath,compileClasspathCopy,default,defaultCopy,runtimeClasspath,runtimeClasspathCopy,testCompileClasspath,testCompileClasspathCopy,testRuntimeClasspath,testRuntimeClasspathCopy
com.google.inject:guice:5.0.1=compileClasspath,compileClasspathCopy,default,defaultCopy,runtimeClasspath,runtimeClasspathCopy,testCompileClasspath,testCompileClasspathCopy,testRuntimeClasspath,testRuntimeClasspathCopy
com.google.j2objc:j2objc-annotations:1.3=compileClasspath,compileClasspathCopy,default,defaultCopy,runtimeClasspath,runtimeClasspathCopy,testCompileClasspath,testCompileClasspathCopy,testRuntimeClasspath,testRuntimeClasspathCopy
info.picocli:picocli:4.6.3=compileClasspath,compileClasspathCopy,default,defaultCopy,runtimeClasspath,runtimeClasspathCopy,testCompileClasspath,testCompileClasspathCopy,testRuntimeClasspath,testRuntimeClasspathCopy
javax.inject:javax.inject:1=compileClasspath,compileClasspathCopy,default,defaultCopy,runtimeClasspath,runtimeClasspathCopy,testCompileClasspath,testCompileClasspathCopy,testRuntimeClasspath,testRuntimeClasspathCopy
javax.ws.rs:javax.ws.rs-api:2.1.1=compileClasspath,compileClasspathCopy,default,defaultCopy,runtimeClasspath,runtimeClasspathCopy,testCompileClasspath,testCompileClasspathCopy,testRuntimeClasspath,testRuntimeClasspathCopy
org.checkerframework:checker-qual:3.5.0=compileClasspath,compileClasspathCopy,default,defaultCopy,runtimeClasspath,runtimeClasspathCopy,testCompileClasspath,testCompileClasspathCopy,testRuntimeClasspath,testRuntimeClasspathCopy
org.jacoco:org.jacoco.agent:0.8.7=jacocoAgentCopy,jacocoAntCopy
org.jacoco:org.jacoco.ant:0.8.7=jacocoAntCopy
org.jacoco:org.jacoco.core:0.8.7=jacocoAntCopy
org.jacoco:org.jacoco.report:0.8.7=jacocoAntCopy
org.kohsuke.metainf-services:metainf-services:1.8=annotationProcessor,annotationProcessorCopy,compileClasspath,compileClasspathCopy
org.mapstruct:mapstruct-jdk8:1.3.1.Final=compileClasspath,compileClasspathCopy,default,defaultCopy,runtimeClasspath,runtimeClasspathCopy,testCompileClasspath,testCompileClasspathCopy,testRuntimeClasspath,testRuntimeClasspathCopy
org.mapstruct:mapstruct:1.3.1.Final=compileClasspath,compileClasspathCopy,default,defaultCopy,runtimeClasspath,runtimeClasspathCopy,testCompileClasspath,testCompileClasspathCopy,testRuntimeClasspath,testRuntimeClasspathCopy
org.ow2.asm:asm-analysis:9.1=jacocoAntCopy
org.ow2.asm:asm-commons:9.1=jacocoAntCopy
org.ow2.asm:asm-tree:9.1=jacocoAntCopy
org.ow2.asm:asm:9.1=jacocoAntCopy
org.slf4j:slf4j-api:1.7.30=compileClasspath,compileClasspathCopy,default,defaultCopy,runtimeClasspath,runtimeClasspathCopy,testCompileClasspath,testCompileClasspathCopy,testRuntimeClasspath,testRuntimeClasspathCopy
empty=archives,archivesCopy,testAnnotationProcessor,testAnnotationProcessorCopy
