# This is a Gradle generated file for dependency locking.
# Manual edits can break the build and are not advised.
# This file is expected to be part of source control.
aopalliance:aopalliance:1.0=compileClasspath,compileClasspathCopy,defaultCopy,runtimeClasspathCopy,testCompileClasspathCopy,testRuntimeClasspathCopy
com.cloudogu.legman:core:2.0.0=compileClasspath,compileClasspathCopy,defaultCopy,runtimeClasspathCopy,testCompileClasspathCopy,testRuntimeClasspathCopy
com.damnhandy:handy-uri-templates:2.1.7=compileClasspath,compileClasspathCopy,defaultCopy,runtimeClasspathCopy,testCompileClasspathCopy,testRuntimeClasspathCopy
com.fasterxml.jackson.core:jackson-annotations:2.11.3=compileClasspath,compileClasspathCopy,defaultCopy,runtimeClasspathCopy,testCompileClasspathCopy,testRuntimeClasspathCopy
com.fasterxml.jackson.core:jackson-core:2.11.3=compileClasspath,compileClasspathCopy,defaultCopy,runtimeClasspathCopy,testCompileClasspathCopy,testRuntimeClasspathCopy
com.fasterxml.jackson.core:jackson-databind:2.11.3=compileClasspath,compileClasspathCopy,defaultCopy,runtimeClasspathCopy,testCompileClasspathCopy,testRuntimeClasspathCopy
com.fasterxml:classmate:1.5.1=compileClasspath,compileClasspathCopy,defaultCopy,runtimeClasspathCopy,testCompileClasspathCopy,testRuntimeClasspathCopy
com.github.sdorra:junit-shiro-extension:1.0.1=compileClasspath,compileClasspathCopy,defaultCopy,runtimeClasspathCopy,testCompileClasspathCopy,testRuntimeClasspathCopy
com.github.sdorra:shiro-unit:1.0.2=compileClasspath,compileClasspathCopy,defaultCopy,runtimeClasspathCopy,testCompileClasspathCopy,testRuntimeClasspathCopy
com.github.sdorra:ssp-lib:1.3.0=compileClasspath,compileClasspathCopy,defaultCopy,runtimeClasspathCopy,testCompileClasspathCopy,testRuntimeClasspathCopy
com.google.code.findbugs:jsr305:3.0.2=compileClasspath,compileClasspathCopy,defaultCopy,runtimeClasspathCopy,testCompileClasspathCopy,testRuntimeClasspathCopy
com.google.errorprone:error_prone_annotations:2.3.4=compileClasspath,compileClasspathCopy,defaultCopy,runtimeClasspathCopy,testCompileClasspathCopy,testRuntimeClasspathCopy
com.google.guava:failureaccess:1.0.1=compileClasspath,compileClasspathCopy,defaultCopy,runtimeClasspathCopy,testCompileClasspathCopy,testRuntimeClasspathCopy
com.google.guava:guava:30.1-jre=compileClasspath,compileClasspathCopy,defaultCopy,runtimeClasspathCopy,testCompileClasspathCopy,testRuntimeClasspathCopy
com.google.guava:listenablefuture:9999.0-empty-to-avoid-conflict-with-guava=compileClasspath,compileClasspathCopy,defaultCopy,runtimeClasspathCopy,testCompileClasspathCopy,testRuntimeClasspathCopy
com.google.inject.extensions:guice-assistedinject:5.0.1=compileClasspath,compileClasspathCopy,defaultCopy,runtimeClasspathCopy,testCompileClasspathCopy,testRuntimeClasspathCopy
com.google.inject.extensions:guice-servlet:5.0.1=compileClasspath,compileClasspathCopy,defaultCopy,runtimeClasspathCopy,testCompileClasspathCopy,testRuntimeClasspathCopy
com.google.inject.extensions:guice-throwingproviders:5.0.1=compileClasspath,compileClasspathCopy,defaultCopy,runtimeClasspathCopy,testCompileClasspathCopy,testRuntimeClasspathCopy
com.google.inject:guice:5.0.1=compileClasspath,compileClasspathCopy,defaultCopy,runtimeClasspathCopy,testCompileClasspathCopy,testRuntimeClasspathCopy
com.google.j2objc:j2objc-annotations:1.3=compileClasspath,compileClasspathCopy,defaultCopy,runtimeClasspathCopy,testCompileClasspathCopy,testRuntimeClasspathCopy
com.ibm.async:asyncutil:0.1.0=compileClasspath,compileClasspathCopy,defaultCopy,runtimeClasspathCopy,testCompileClasspathCopy,testRuntimeClasspathCopy
com.sun.activation:jakarta.activation:1.2.1=compileClasspath,compileClasspathCopy,testCompileClasspathCopy
com.sun.activation:jakarta.activation:1.2.2=defaultCopy,runtimeClasspathCopy,testRuntimeClasspathCopy
com.sun.istack:istack-commons-runtime:3.0.11=compileClasspath,compileClasspathCopy,defaultCopy,runtimeClasspathCopy,testCompileClasspathCopy,testRuntimeClasspathCopy
commons-beanutils:commons-beanutils:1.9.4=compileClasspath,compileClasspathCopy,defaultCopy,runtimeClasspathCopy,testCompileClasspathCopy,testRuntimeClasspathCopy
commons-collections:commons-collections:3.2.2=compileClasspath,compileClasspathCopy,defaultCopy,runtimeClasspathCopy,testCompileClasspathCopy,testRuntimeClasspathCopy
commons-lang:commons-lang:2.6=compileClasspath,compileClasspathCopy,defaultCopy,runtimeClasspathCopy,testCompileClasspathCopy,testRuntimeClasspathCopy
de.otto.edison:edison-hal:2.1.0=compileClasspath,compileClasspathCopy,defaultCopy,runtimeClasspathCopy,testCompileClasspathCopy,testRuntimeClasspathCopy
io.micrometer:micrometer-core:1.6.4=compileClasspath,compileClasspathCopy,defaultCopy,runtimeClasspathCopy,testCompileClasspathCopy,testRuntimeClasspathCopy
io.smallrye.common:smallrye-common-annotation:1.6.0=compileClasspath,compileClasspathCopy,defaultCopy,runtimeClasspathCopy,testCompileClasspathCopy,testRuntimeClasspathCopy
io.smallrye.common:smallrye-common-classloader:1.6.0=compileClasspath,compileClasspathCopy,defaultCopy,runtimeClasspathCopy,testCompileClasspathCopy,testRuntimeClasspathCopy
io.smallrye.common:smallrye-common-constraint:1.6.0=compileClasspath,compileClasspathCopy,defaultCopy,runtimeClasspathCopy,testCompileClasspathCopy,testRuntimeClasspathCopy
io.smallrye.common:smallrye-common-expression:1.6.0=compileClasspath,compileClasspathCopy,defaultCopy,runtimeClasspathCopy,testCompileClasspathCopy,testRuntimeClasspathCopy
io.smallrye.common:smallrye-common-function:1.6.0=compileClasspath,compileClasspathCopy,defaultCopy,runtimeClasspathCopy,testCompileClasspathCopy,testRuntimeClasspathCopy
io.smallrye.config:smallrye-config-common:2.3.0=compileClasspath,compileClasspathCopy,defaultCopy,runtimeClasspathCopy,testCompileClasspathCopy,testRuntimeClasspathCopy
io.smallrye.config:smallrye-config-core:2.3.0=compileClasspath,compileClasspathCopy,defaultCopy,runtimeClasspathCopy,testCompileClasspathCopy,testRuntimeClasspathCopy
io.smallrye.config:smallrye-config:2.3.0=compileClasspath,compileClasspathCopy,defaultCopy,runtimeClasspathCopy,testCompileClasspathCopy,testRuntimeClasspathCopy
jakarta.activation:jakarta.activation-api:1.2.2=compileClasspath,compileClasspathCopy,defaultCopy,runtimeClasspathCopy,testCompileClasspathCopy,testRuntimeClasspathCopy
jakarta.validation:jakarta.validation-api:2.0.2=compileClasspath,compileClasspathCopy,defaultCopy,runtimeClasspathCopy,testCompileClasspathCopy,testRuntimeClasspathCopy
jakarta.xml.bind:jakarta.xml.bind-api:2.3.3=compileClasspath,compileClasspathCopy,defaultCopy,runtimeClasspathCopy,testCompileClasspathCopy,testRuntimeClasspathCopy
javax.el:javax.el-api:3.0.0=compileClasspath,compileClasspathCopy,defaultCopy,runtimeClasspathCopy,testCompileClasspathCopy,testRuntimeClasspathCopy
javax.inject:javax.inject:1=compileClasspath,compileClasspathCopy,defaultCopy,runtimeClasspathCopy,testCompileClasspathCopy,testRuntimeClasspathCopy
javax.servlet:javax.servlet-api:3.1.0=compileClasspath,compileClasspathCopy,defaultCopy,runtimeClasspathCopy,testCompileClasspathCopy,testRuntimeClasspathCopy
javax.ws.rs:javax.ws.rs-api:2.1.1=compileClasspath,compileClasspathCopy,defaultCopy,runtimeClasspathCopy,testCompileClasspathCopy,testRuntimeClasspathCopy
joda-time:joda-time:2.10=compileClasspath,compileClasspathCopy,defaultCopy,runtimeClasspathCopy,testCompileClasspathCopy,testRuntimeClasspathCopy
junit:junit:4.13.1=compileClasspath,compileClasspathCopy,defaultCopy,runtimeClasspathCopy,testCompileClasspathCopy,testRuntimeClasspathCopy
net.bytebuddy:byte-buddy-agent:1.10.18=compileClasspath,compileClasspathCopy,defaultCopy,runtimeClasspathCopy,testCompileClasspathCopy,testRuntimeClasspathCopy
net.bytebuddy:byte-buddy:1.10.18=compileClasspath,compileClasspathCopy,defaultCopy,runtimeClasspathCopy,testCompileClasspathCopy,testRuntimeClasspathCopy
org.apache.commons:commons-compress:1.20=defaultCopy,runtimeClasspathCopy,testRuntimeClasspathCopy
org.apache.shiro:shiro-cache:1.8.0=compileClasspath,compileClasspathCopy,defaultCopy,runtimeClasspathCopy,testCompileClasspathCopy,testRuntimeClasspathCopy
org.apache.shiro:shiro-config-core:1.8.0=compileClasspath,compileClasspathCopy,defaultCopy,runtimeClasspathCopy,testCompileClasspathCopy,testRuntimeClasspathCopy
org.apache.shiro:shiro-config-ogdl:1.8.0=compileClasspath,compileClasspathCopy,defaultCopy,runtimeClasspathCopy,testCompileClasspathCopy,testRuntimeClasspathCopy
org.apache.shiro:shiro-core:1.8.0=compileClasspath,compileClasspathCopy,defaultCopy,runtimeClasspathCopy,testCompileClasspathCopy,testRuntimeClasspathCopy
org.apache.shiro:shiro-crypto-cipher:1.8.0=compileClasspath,compileClasspathCopy,defaultCopy,runtimeClasspathCopy,testCompileClasspathCopy,testRuntimeClasspathCopy
org.apache.shiro:shiro-crypto-core:1.8.0=compileClasspath,compileClasspathCopy,defaultCopy,runtimeClasspathCopy,testCompileClasspathCopy,testRuntimeClasspathCopy
org.apache.shiro:shiro-crypto-hash:1.8.0=compileClasspath,compileClasspathCopy,defaultCopy,runtimeClasspathCopy,testCompileClasspathCopy,testRuntimeClasspathCopy
org.apache.shiro:shiro-event:1.8.0=compileClasspath,compileClasspathCopy,defaultCopy,runtimeClasspathCopy,testCompileClasspathCopy,testRuntimeClasspathCopy
org.apache.shiro:shiro-lang:1.8.0=compileClasspath,compileClasspathCopy,defaultCopy,runtimeClasspathCopy,testCompileClasspathCopy,testRuntimeClasspathCopy
org.apiguardian:apiguardian-api:1.1.0=compileClasspath,compileClasspathCopy,defaultCopy,runtimeClasspathCopy,testCompileClasspathCopy,testRuntimeClasspathCopy
org.assertj:assertj-core:3.18.1=compileClasspath,compileClasspathCopy,defaultCopy,runtimeClasspathCopy,testCompileClasspathCopy,testRuntimeClasspathCopy
org.checkerframework:checker-qual:3.5.0=compileClasspath,compileClasspathCopy,defaultCopy,runtimeClasspathCopy,testCompileClasspathCopy,testRuntimeClasspathCopy
org.eclipse.microprofile.config:microprofile-config-api:2.0=compileClasspath,compileClasspathCopy,defaultCopy,runtimeClasspathCopy,testCompileClasspathCopy,testRuntimeClasspathCopy
org.glassfish.jaxb:jaxb-runtime:2.3.3=compileClasspath,compileClasspathCopy,defaultCopy,runtimeClasspathCopy,testCompileClasspathCopy,testRuntimeClasspathCopy
org.glassfish.jaxb:txw2:2.3.3=compileClasspath,compileClasspathCopy,defaultCopy,runtimeClasspathCopy,testCompileClasspathCopy,testRuntimeClasspathCopy
org.glassfish:javax.el:3.0.1-b11=compileClasspath,compileClasspathCopy,defaultCopy,runtimeClasspathCopy,testCompileClasspathCopy,testRuntimeClasspathCopy
org.hamcrest:hamcrest-core:2.1=compileClasspath,compileClasspathCopy,defaultCopy,runtimeClasspathCopy,testCompileClasspathCopy,testRuntimeClasspathCopy
org.hamcrest:hamcrest-library:2.1=compileClasspath,compileClasspathCopy,defaultCopy,runtimeClasspathCopy,testCompileClasspathCopy,testRuntimeClasspathCopy
org.hamcrest:hamcrest:2.1=compileClasspath,compileClasspathCopy,defaultCopy,runtimeClasspathCopy,testCompileClasspathCopy,testRuntimeClasspathCopy
org.hdrhistogram:HdrHistogram:2.1.12=compileClasspath,compileClasspathCopy,defaultCopy,runtimeClasspathCopy,testCompileClasspathCopy,testRuntimeClasspathCopy
org.hibernate.validator:hibernate-validator:6.1.6.Final=compileClasspath,compileClasspathCopy,defaultCopy,runtimeClasspathCopy,testCompileClasspathCopy,testRuntimeClasspathCopy
org.jboss.logging:jboss-logging:3.4.2.Final=compileClasspath,compileClasspathCopy,defaultCopy,runtimeClasspathCopy,testCompileClasspathCopy,testRuntimeClasspathCopy
org.jboss.resteasy:resteasy-core-spi:4.6.1.Final=compileClasspath,compileClasspathCopy,defaultCopy,runtimeClasspathCopy,testCompileClasspathCopy,testRuntimeClasspathCopy
org.jboss.resteasy:resteasy-core:4.6.1.Final=compileClasspath,compileClasspathCopy,defaultCopy,runtimeClasspathCopy,testCompileClasspathCopy,testRuntimeClasspathCopy
org.jboss.resteasy:resteasy-validator-provider:4.6.1.Final=compileClasspath,compileClasspathCopy,defaultCopy,runtimeClasspathCopy,testCompileClasspathCopy,testRuntimeClasspathCopy
org.jboss.spec.javax.annotation:jboss-annotations-api_1.3_spec:2.0.1.Final=compileClasspath,compileClasspathCopy,defaultCopy,runtimeClasspathCopy,testCompileClasspathCopy,testRuntimeClasspathCopy
org.jboss.spec.javax.ws.rs:jboss-jaxrs-api_2.1_spec:2.0.1.Final=compileClasspath,compileClasspathCopy,defaultCopy,runtimeClasspathCopy,testCompileClasspathCopy,testRuntimeClasspathCopy
org.jboss.spec.javax.xml.bind:jboss-jaxb-api_2.3_spec:2.0.0.Final=compileClasspath,compileClasspathCopy,defaultCopy,runtimeClasspathCopy,testCompileClasspathCopy,testRuntimeClasspathCopy
org.junit.jupiter:junit-jupiter-api:5.7.0=compileClasspath,compileClasspathCopy,defaultCopy,runtimeClasspathCopy,testCompileClasspathCopy,testRuntimeClasspathCopy
org.junit.jupiter:junit-jupiter-engine:5.7.0=compileClasspath,compileClasspathCopy,defaultCopy,runtimeClasspathCopy,testCompileClasspathCopy,testRuntimeClasspathCopy
org.junit.jupiter:junit-jupiter-params:5.7.0=compileClasspath,compileClasspathCopy,defaultCopy,runtimeClasspathCopy,testCompileClasspathCopy,testRuntimeClasspathCopy
org.junit.platform:junit-platform-commons:1.7.0=compileClasspath,compileClasspathCopy,defaultCopy,runtimeClasspathCopy,testCompileClasspathCopy,testRuntimeClasspathCopy
org.junit.platform:junit-platform-engine:1.7.0=compileClasspath,compileClasspathCopy,defaultCopy,runtimeClasspathCopy,testCompileClasspathCopy,testRuntimeClasspathCopy
org.junit.vintage:junit-vintage-engine:5.7.0=compileClasspath,compileClasspathCopy,defaultCopy,runtimeClasspathCopy,testCompileClasspathCopy,testRuntimeClasspathCopy
org.latencyutils:LatencyUtils:2.0.3=defaultCopy,runtimeClasspathCopy,testRuntimeClasspathCopy
org.mapstruct:mapstruct-jdk8:1.3.1.Final=compileClasspath,compileClasspathCopy,defaultCopy,runtimeClasspathCopy,testCompileClasspathCopy,testRuntimeClasspathCopy
org.mapstruct:mapstruct:1.3.1.Final=compileClasspath,compileClasspathCopy,defaultCopy,runtimeClasspathCopy,testCompileClasspathCopy,testRuntimeClasspathCopy
org.mockito:mockito-core:3.6.28=compileClasspath,compileClasspathCopy,defaultCopy,runtimeClasspathCopy,testCompileClasspathCopy,testRuntimeClasspathCopy
org.mockito:mockito-junit-jupiter:3.6.28=compileClasspath,compileClasspathCopy,defaultCopy,runtimeClasspathCopy,testCompileClasspathCopy,testRuntimeClasspathCopy
org.objenesis:objenesis:3.1=compileClasspath,compileClasspathCopy,defaultCopy,runtimeClasspathCopy,testCompileClasspathCopy,testRuntimeClasspathCopy
org.opentest4j:opentest4j:1.2.0=compileClasspath,compileClasspathCopy,defaultCopy,runtimeClasspathCopy,testCompileClasspathCopy,testRuntimeClasspathCopy
org.ow2.asm:asm:9.1=compileClasspath,compileClasspathCopy,defaultCopy,runtimeClasspathCopy,testCompileClasspathCopy,testRuntimeClasspathCopy
org.reactivestreams:reactive-streams:1.0.3=compileClasspath,compileClasspathCopy,defaultCopy,runtimeClasspathCopy,testCompileClasspathCopy,testRuntimeClasspathCopy
org.slf4j:jcl-over-slf4j:1.7.30=compileClasspath,compileClasspathCopy,defaultCopy,runtimeClasspathCopy,testCompileClasspathCopy,testRuntimeClasspathCopy
org.slf4j:slf4j-api:1.7.30=compileClasspath,compileClasspathCopy,defaultCopy,runtimeClasspathCopy,testCompileClasspathCopy,testRuntimeClasspathCopy
empty=annotationProcessor,annotationProcessorCopy,archivesCopy,testAnnotationProcessorCopy
