# This is a Gradle generated file for dependency locking.
# Manual edits can break the build and are not advised.
# This file is expected to be part of source control.
aopalliance:aopalliance:1.0=annotationProcessor,compileClasspath,runtimeClasspath,runtimePluginElements,scmCoreDependency,testCompileClasspath,testRuntimeClasspath
ch.qos.logback:logback-classic:1.2.9=testCompileClasspath,testRuntimeClasspath
ch.qos.logback:logback-core:1.2.9=testCompileClasspath,testRuntimeClasspath
com.cloudogu.conveyor:conveyor:1.0.0=annotationProcessor,compileClasspath,runtimeClasspath,runtimePluginElements,scmCoreDependency,testCompileClasspath,testRuntimeClasspath
com.cloudogu.jaxrs-tie:jaxrs-tie:1.0.5=annotationProcessor,compileClasspath,runtimeClasspath,runtimePluginElements,scmCoreDependency,testCompileClasspath,testRuntimeClasspath
com.cloudogu.legman:core:2.0.0=annotationProcessor,compileClasspath,runtimeClasspath,runtimePluginElements,scmCoreDependency,testCompileClasspath,testRuntimeClasspath
com.damnhandy:handy-uri-templates:2.1.7=annotationProcessor,compileClasspath,runtimeClasspath,runtimePluginElements,scmCoreDependency,testCompileClasspath,testRuntimeClasspath
com.fasterxml.jackson.core:jackson-annotations:2.13.4=annotationProcessor,compileClasspath,runtimeClasspath,runtimePluginElements,scmCoreDependency,swaggerDeps,testCompileClasspath,testRuntimeClasspath
com.fasterxml.jackson.core:jackson-core:2.13.4=annotationProcessor,compileClasspath,runtimeClasspath,runtimePluginElements,scmCoreDependency,swaggerDeps,testCompileClasspath,testRuntimeClasspath
com.fasterxml.jackson.core:jackson-databind:2.13.4=annotationProcessor,compileClasspath,runtimeClasspath,runtimePluginElements,scmCoreDependency,swaggerDeps,testCompileClasspath,testRuntimeClasspath
com.fasterxml.jackson.dataformat:jackson-dataformat-yaml:2.13.4=swaggerDeps
com.fasterxml.jackson.datatype:jackson-datatype-jsr310:2.13.4=swaggerDeps
com.fasterxml.jackson.jaxrs:jackson-jaxrs-base:2.13.4=swaggerDeps,testCompileClasspath,testRuntimeClasspath
com.fasterxml.jackson.jaxrs:jackson-jaxrs-json-provider:2.13.4=swaggerDeps,testCompileClasspath,testRuntimeClasspath
com.fasterxml.jackson.module:jackson-module-jaxb-annotations:2.13.4=swaggerDeps,testCompileClasspath,testRuntimeClasspath
com.fasterxml.jackson:jackson-bom:2.13.4=annotationProcessor,compileClasspath,runtimeClasspath,runtimePluginElements,scmCoreDependency,swaggerDeps,testCompileClasspath,testRuntimeClasspath
com.fasterxml:classmate:1.5.1=compileClasspath,runtimeClasspath,runtimePluginElements,scmCoreDependency,testCompileClasspath,testRuntimeClasspath
com.github.fge:btf:1.2=testCompileClasspath,testRuntimeClasspath
com.github.fge:jackson-coreutils:1.6=testCompileClasspath,testRuntimeClasspath
com.github.fge:json-patch:1.9=testCompileClasspath,testRuntimeClasspath
com.github.fge:msg-simple:1.1=testCompileClasspath,testRuntimeClasspath
com.github.sdorra:junit-shiro-extension:1.0.1=compileClasspath,runtimeClasspath,runtimePluginElements,scmCoreDependency,testCompileClasspath,testRuntimeClasspath
com.github.sdorra:shiro-unit:1.0.2=compileClasspath,runtimeClasspath,runtimePluginElements,scmCoreDependency,testCompileClasspath,testRuntimeClasspath
com.github.sdorra:ssp-lib:1.3.0=compileClasspath,runtimeClasspath,runtimePluginElements,scmCoreDependency,testCompileClasspath,testRuntimeClasspath
com.google.auto:auto-common:0.11=annotationProcessor,runtimeClasspath,runtimePluginElements,scmCoreDependency,testRuntimeClasspath
com.google.code.findbugs:jsr305:3.0.2=annotationProcessor,compileClasspath,runtimeClasspath,runtimePluginElements,scmCoreDependency,testCompileClasspath,testRuntimeClasspath
com.google.errorprone:error_prone_annotations:2.3.4=compileClasspath,runtimeClasspath,runtimePluginElements,scmCoreDependency,testCompileClasspath,testRuntimeClasspath
com.google.errorprone:error_prone_annotations:2.5.1=annotationProcessor
com.google.guava:failureaccess:1.0.1=annotationProcessor,compileClasspath,runtimeClasspath,runtimePluginElements,scmCoreDependency,testCompileClasspath,testRuntimeClasspath
com.google.guava:guava:30.1-jre=compileClasspath,runtimeClasspath,runtimePluginElements,scmCoreDependency,testCompileClasspath,testRuntimeClasspath
com.google.guava:guava:30.1.1-jre=annotationProcessor
com.google.guava:listenablefuture:9999.0-empty-to-avoid-conflict-with-guava=annotationProcessor,compileClasspath,runtimeClasspath,runtimePluginElements,scmCoreDependency,testCompileClasspath,testRuntimeClasspath
com.google.inject.extensions:guice-assistedinject:5.0.1=compileClasspath,runtimeClasspath,runtimePluginElements,scmCoreDependency,testCompileClasspath,testRuntimeClasspath
com.google.inject.extensions:guice-servlet:5.0.1=compileClasspath,runtimeClasspath,runtimePluginElements,scmCoreDependency,testCompileClasspath,testRuntimeClasspath
com.google.inject.extensions:guice-throwingproviders:5.0.1=compileClasspath,runtimeClasspath,runtimePluginElements,scmCoreDependency,testCompileClasspath,testRuntimeClasspath
com.google.inject:guice:5.0.1=annotationProcessor,compileClasspath,runtimeClasspath,runtimePluginElements,scmCoreDependency,testCompileClasspath,testRuntimeClasspath
com.google.j2objc:j2objc-annotations:1.3=annotationProcessor,compileClasspath,runtimeClasspath,runtimePluginElements,scmCoreDependency,testCompileClasspath,testRuntimeClasspath
com.ibm.async:asyncutil:0.1.0=compileClasspath,runtimeClasspath,runtimePluginElements,scmCoreDependency,testCompileClasspath,testRuntimeClasspath
com.squareup:javapoet:1.13.0=annotationProcessor,runtimeClasspath,runtimePluginElements,scmCoreDependency,testRuntimeClasspath
com.sun.activation:jakarta.activation:1.2.2=runtimeClasspath,runtimePluginElements,scmCoreDependency,testRuntimeClasspath
com.sun.istack:istack-commons-runtime:3.0.11=compileClasspath,runtimeClasspath,runtimePluginElements,scmCoreDependency,testCompileClasspath,testRuntimeClasspath
commons-beanutils:commons-beanutils:1.9.4=compileClasspath,runtimeClasspath,runtimePluginElements,scmCoreDependency,testCompileClasspath,testRuntimeClasspath
commons-collections:commons-collections:3.2.2=compileClasspath,runtimeClasspath,runtimePluginElements,scmCoreDependency,testCompileClasspath,testRuntimeClasspath
commons-lang:commons-lang:2.6=compileClasspath,runtimeClasspath,runtimePluginElements,scmCoreDependency,testCompileClasspath,testRuntimeClasspath
de.otto.edison:edison-hal:2.1.0=annotationProcessor,compileClasspath,runtimeClasspath,runtimePluginElements,scmCoreDependency,testCompileClasspath,testRuntimeClasspath
info.picocli:picocli:4.6.3=annotationProcessor,compileClasspath,runtimeClasspath,runtimePluginElements,scmCoreDependency,testCompileClasspath,testRuntimeClasspath
io.github.classgraph:classgraph:4.8.65=swaggerDeps
io.micrometer:micrometer-core:1.6.4=compileClasspath,runtimeClasspath,runtimePluginElements,scmCoreDependency,testCompileClasspath,testRuntimeClasspath
io.smallrye.common:smallrye-common-annotation:1.6.0=compileClasspath,runtimeClasspath,runtimePluginElements,scmCoreDependency,testCompileClasspath,testRuntimeClasspath
io.smallrye.common:smallrye-common-classloader:1.6.0=compileClasspath,runtimeClasspath,runtimePluginElements,scmCoreDependency,testCompileClasspath,testRuntimeClasspath
io.smallrye.common:smallrye-common-constraint:1.6.0=compileClasspath,runtimeClasspath,runtimePluginElements,scmCoreDependency,testCompileClasspath,testRuntimeClasspath
io.smallrye.common:smallrye-common-expression:1.6.0=compileClasspath,runtimeClasspath,runtimePluginElements,scmCoreDependency,testCompileClasspath,testRuntimeClasspath
io.smallrye.common:smallrye-common-function:1.6.0=compileClasspath,runtimeClasspath,runtimePluginElements,scmCoreDependency,testCompileClasspath,testRuntimeClasspath
io.smallrye.config:smallrye-config-common:2.3.0=compileClasspath,runtimeClasspath,runtimePluginElements,scmCoreDependency,testCompileClasspath,testRuntimeClasspath
io.smallrye.config:smallrye-config-core:2.3.0=compileClasspath,runtimeClasspath,runtimePluginElements,scmCoreDependency,testCompileClasspath,testRuntimeClasspath
io.smallrye.config:smallrye-config:2.3.0=compileClasspath,runtimeClasspath,runtimePluginElements,scmCoreDependency,testCompileClasspath,testRuntimeClasspath
io.swagger.core.v3:swagger-annotations:2.1.1=compileClasspath,runtimeClasspath,runtimePluginElements,scmCoreDependency,testCompileClasspath,testRuntimeClasspath
io.swagger.core.v3:swagger-annotations:2.1.6=swaggerDeps
io.swagger.core.v3:swagger-core:2.1.6=swaggerDeps
io.swagger.core.v3:swagger-integration:2.1.6=swaggerDeps
io.swagger.core.v3:swagger-jaxrs2:2.1.6=swaggerDeps
io.swagger.core.v3:swagger-models:2.1.6=swaggerDeps
jakarta.activation:jakarta.activation-api:1.2.2=compileClasspath,runtimeClasspath,runtimePluginElements,scmCoreDependency,swaggerDeps,testCompileClasspath,testRuntimeClasspath
jakarta.validation:jakarta.validation-api:2.0.2=compileClasspath,runtimeClasspath,runtimePluginElements,scmCoreDependency,swaggerDeps,testCompileClasspath,testRuntimeClasspath
jakarta.xml.bind:jakarta.xml.bind-api:2.3.3=compileClasspath,runtimeClasspath,runtimePluginElements,scmCoreDependency,swaggerDeps,testCompileClasspath,testRuntimeClasspath
javax.el:javax.el-api:3.0.0=compileClasspath,runtimeClasspath,runtimePluginElements,scmCoreDependency,testCompileClasspath,testRuntimeClasspath
javax.inject:javax.inject:1=annotationProcessor,compileClasspath,runtimeClasspath,runtimePluginElements,scmCoreDependency,testCompileClasspath,testRuntimeClasspath
javax.servlet:javax.servlet-api:3.1.0=compileClasspath,runtimeClasspath,runtimePluginElements,scmCoreDependency,swaggerDeps,testCompileClasspath,testRuntimeClasspath
javax.ws.rs:javax.ws.rs-api:2.1=swaggerDeps
javax.ws.rs:javax.ws.rs-api:2.1.1=annotationProcessor,compileClasspath,runtimeClasspath,runtimePluginElements,scmCoreDependency,testCompileClasspath,testRuntimeClasspath
joda-time:joda-time:2.10=annotationProcessor,compileClasspath,runtimeClasspath,runtimePluginElements,scmCoreDependency,testCompileClasspath,testRuntimeClasspath
junit:junit:4.13.1=compileClasspath,runtimeClasspath,runtimePluginElements,scmCoreDependency,testCompileClasspath,testRuntimeClasspath
net.bytebuddy:byte-buddy-agent:1.10.18=compileClasspath,runtimeClasspath,runtimePluginElements,scmCoreDependency,testCompileClasspath,testRuntimeClasspath
net.bytebuddy:byte-buddy:1.10.18=compileClasspath,runtimeClasspath,runtimePluginElements,scmCoreDependency,testCompileClasspath,testRuntimeClasspath
org.apache.commons:commons-compress:1.20=compileClasspath,runtimeClasspath,runtimePluginElements,scmCoreDependency,testCompileClasspath,testRuntimeClasspath
org.apache.commons:commons-lang3:3.7=swaggerDeps
org.apache.shiro:shiro-cache:1.8.0=compileClasspath,runtimeClasspath,runtimePluginElements,scmCoreDependency,testCompileClasspath,testRuntimeClasspath
org.apache.shiro:shiro-config-core:1.8.0=compileClasspath,runtimeClasspath,runtimePluginElements,scmCoreDependency,testCompileClasspath,testRuntimeClasspath
org.apache.shiro:shiro-config-ogdl:1.8.0=compileClasspath,runtimeClasspath,runtimePluginElements,scmCoreDependency,testCompileClasspath,testRuntimeClasspath
org.apache.shiro:shiro-core:1.8.0=compileClasspath,runtimeClasspath,runtimePluginElements,scmCoreDependency,testCompileClasspath,testRuntimeClasspath
org.apache.shiro:shiro-crypto-cipher:1.8.0=compileClasspath,runtimeClasspath,runtimePluginElements,scmCoreDependency,testCompileClasspath,testRuntimeClasspath
org.apache.shiro:shiro-crypto-core:1.8.0=compileClasspath,runtimeClasspath,runtimePluginElements,scmCoreDependency,testCompileClasspath,testRuntimeClasspath
org.apache.shiro:shiro-crypto-hash:1.8.0=compileClasspath,runtimeClasspath,runtimePluginElements,scmCoreDependency,testCompileClasspath,testRuntimeClasspath
org.apache.shiro:shiro-event:1.8.0=compileClasspath,runtimeClasspath,runtimePluginElements,scmCoreDependency,testCompileClasspath,testRuntimeClasspath
org.apache.shiro:shiro-lang:1.8.0=compileClasspath,runtimeClasspath,runtimePluginElements,scmCoreDependency,testCompileClasspath,testRuntimeClasspath
org.apiguardian:apiguardian-api:1.1.0=compileClasspath,runtimeClasspath,runtimePluginElements,scmCoreDependency,testCompileClasspath,testRuntimeClasspath
org.assertj:assertj-core:3.18.1=compileClasspath,runtimeClasspath,runtimePluginElements,scmCoreDependency,testCompileClasspath,testRuntimeClasspath
org.checkerframework:checker-qual:3.5.0=compileClasspath,runtimeClasspath,runtimePluginElements,scmCoreDependency,testCompileClasspath,testRuntimeClasspath
org.checkerframework:checker-qual:3.8.0=annotationProcessor
org.eclipse.microprofile.config:microprofile-config-api:2.0=compileClasspath,runtimeClasspath,runtimePluginElements,scmCoreDependency,testCompileClasspath,testRuntimeClasspath
org.glassfish.jaxb:jaxb-runtime:2.3.3=compileClasspath,runtimeClasspath,runtimePluginElements,scmCoreDependency,testCompileClasspath,testRuntimeClasspath
org.glassfish.jaxb:txw2:2.3.3=compileClasspath,runtimeClasspath,runtimePluginElements,scmCoreDependency,testCompileClasspath,testRuntimeClasspath
org.glassfish:javax.el:3.0.1-b11=compileClasspath,runtimeClasspath,runtimePluginElements,scmCoreDependency,testCompileClasspath,testRuntimeClasspath
org.hamcrest:hamcrest-core:2.1=compileClasspath,runtimeClasspath,runtimePluginElements,scmCoreDependency,testCompileClasspath,testRuntimeClasspath
org.hamcrest:hamcrest-library:2.1=compileClasspath,runtimeClasspath,runtimePluginElements,scmCoreDependency,testCompileClasspath,testRuntimeClasspath
org.hamcrest:hamcrest:2.1=compileClasspath,runtimeClasspath,runtimePluginElements,scmCoreDependency,testCompileClasspath,testRuntimeClasspath
org.hdrhistogram:HdrHistogram:2.1.12=compileClasspath,runtimeClasspath,runtimePluginElements,scmCoreDependency,testCompileClasspath,testRuntimeClasspath
org.hibernate.validator:hibernate-validator:6.1.6.Final=compileClasspath,runtimeClasspath,runtimePluginElements,scmCoreDependency,testCompileClasspath,testRuntimeClasspath
org.javahg:javahg:1.0.0=compileClasspath,runtimeClasspath,testCompileClasspath,testRuntimeClasspath
org.javassist:javassist:3.22.0-GA=swaggerDeps
org.jboss.logging:jboss-logging:3.4.2.Final=compileClasspath,runtimeClasspath,runtimePluginElements,scmCoreDependency,testCompileClasspath,testRuntimeClasspath
org.jboss.resteasy:resteasy-core-spi:4.7.5.Final=compileClasspath,runtimeClasspath,runtimePluginElements,scmCoreDependency,testCompileClasspath,testRuntimeClasspath
org.jboss.resteasy:resteasy-core:4.7.5.Final=compileClasspath,runtimeClasspath,runtimePluginElements,scmCoreDependency,testCompileClasspath,testRuntimeClasspath
org.jboss.resteasy:resteasy-jackson2-provider:4.5.3.Final=testCompileClasspath,testRuntimeClasspath
org.jboss.resteasy:resteasy-jaxb-provider:4.5.3.Final=testCompileClasspath,testRuntimeClasspath
org.jboss.resteasy:resteasy-validator-provider:4.7.5.Final=compileClasspath,runtimeClasspath,runtimePluginElements,scmCoreDependency,testCompileClasspath,testRuntimeClasspath
org.jboss.spec.javax.annotation:jboss-annotations-api_1.3_spec:2.0.1.Final=compileClasspath,runtimeClasspath,runtimePluginElements,scmCoreDependency,testCompileClasspath,testRuntimeClasspath
org.jboss.spec.javax.ws.rs:jboss-jaxrs-api_2.1_spec:2.0.1.Final=compileClasspath,runtimeClasspath,runtimePluginElements,scmCoreDependency,testCompileClasspath,testRuntimeClasspath
org.jboss.spec.javax.xml.bind:jboss-jaxb-api_2.3_spec:2.0.0.Final=compileClasspath,runtimeClasspath,runtimePluginElements,scmCoreDependency,testCompileClasspath,testRuntimeClasspath
org.junit.jupiter:junit-jupiter-api:5.7.0=compileClasspath,runtimeClasspath,runtimePluginElements,scmCoreDependency,testCompileClasspath,testRuntimeClasspath
org.junit.jupiter:junit-jupiter-engine:5.7.0=compileClasspath,runtimeClasspath,runtimePluginElements,scmCoreDependency,testCompileClasspath,testRuntimeClasspath
org.junit.jupiter:junit-jupiter-params:5.7.0=compileClasspath,runtimeClasspath,runtimePluginElements,scmCoreDependency,testCompileClasspath,testRuntimeClasspath
org.junit.platform:junit-platform-commons:1.7.0=compileClasspath,runtimeClasspath,runtimePluginElements,scmCoreDependency,testCompileClasspath,testRuntimeClasspath
org.junit.platform:junit-platform-engine:1.7.0=compileClasspath,runtimeClasspath,runtimePluginElements,scmCoreDependency,testCompileClasspath,testRuntimeClasspath
org.junit.vintage:junit-vintage-engine:5.7.0=compileClasspath,runtimeClasspath,runtimePluginElements,scmCoreDependency,testCompileClasspath,testRuntimeClasspath
org.junit:junit-bom:5.7.0=compileClasspath,runtimeClasspath,runtimePluginElements,scmCoreDependency,testCompileClasspath,testRuntimeClasspath
org.latencyutils:LatencyUtils:2.0.3=runtimeClasspath,runtimePluginElements,scmCoreDependency,testRuntimeClasspath
org.mapstruct:mapstruct-jdk8:1.3.1.Final=annotationProcessor,compileClasspath,runtimeClasspath,runtimePluginElements,scmCoreDependency,testCompileClasspath,testRuntimeClasspath
org.mapstruct:mapstruct-processor:1.3.1.Final=annotationProcessor
org.mapstruct:mapstruct:1.3.1.Final=annotationProcessor,compileClasspath,runtimeClasspath,runtimePluginElements,scmCoreDependency,testCompileClasspath,testRuntimeClasspath
org.mockito:mockito-core:3.6.28=compileClasspath,runtimeClasspath,runtimePluginElements,scmCoreDependency,testCompileClasspath,testRuntimeClasspath
org.mockito:mockito-junit-jupiter:3.6.28=compileClasspath,runtimeClasspath,runtimePluginElements,scmCoreDependency,testCompileClasspath,testRuntimeClasspath
org.objenesis:objenesis:3.1=compileClasspath,runtimeClasspath,runtimePluginElements,scmCoreDependency,testCompileClasspath,testRuntimeClasspath
org.opentest4j:opentest4j:1.2.0=compileClasspath,runtimeClasspath,runtimePluginElements,scmCoreDependency,testCompileClasspath,testRuntimeClasspath
org.ow2.asm:asm:9.1=compileClasspath,runtimeClasspath,runtimePluginElements,scmCoreDependency,testCompileClasspath,testRuntimeClasspath
org.projectlombok:lombok:1.18.10=compileClasspath,runtimeClasspath,runtimePluginElements,scmCoreDependency,testCompileClasspath,testRuntimeClasspath
org.projectlombok:lombok:1.18.12=annotationProcessor,testAnnotationProcessor
org.reactivestreams:reactive-streams:1.0.3=compileClasspath,runtimeClasspath,runtimePluginElements,scmCoreDependency,testCompileClasspath,testRuntimeClasspath
org.slf4j:jcl-over-slf4j:1.7.30=compileClasspath,runtimeClasspath,runtimePluginElements,scmCoreDependency,testCompileClasspath,testRuntimeClasspath
org.slf4j:slf4j-api:1.7.25=swaggerDeps
org.slf4j:slf4j-api:1.7.30=annotationProcessor,compileClasspath,runtimeClasspath,runtimePluginElements,scmCoreDependency,testCompileClasspath,testRuntimeClasspath
org.yaml:snakeyaml:1.31=swaggerDeps
empty=optionalPlugin,plugin
