# This is a Gradle generated file for dependency locking.
# Manual edits can break the build and are not advised.
# This file is expected to be part of source control.
aopalliance:aopalliance:1.0=testCompileClasspath,testCompileClasspathCopy,testRuntimeClasspath,testRuntimeClasspathCopy
ch.qos.logback:logback-classic:1.2.9=testRuntimeClasspath,testRuntimeClasspathCopy
ch.qos.logback:logback-core:1.2.9=testRuntimeClasspath,testRuntimeClasspathCopy
com.cloudogu.conveyor:conveyor:1.0.0=testRuntimeClasspath,testRuntimeClasspathCopy
com.cloudogu.jaxrs-tie:jaxrs-tie:1.0.5=testRuntimeClasspath,testRuntimeClasspathCopy
com.cloudogu.legman.support:micrometer:2.0.0=testRuntimeClasspath,testRuntimeClasspathCopy
com.cloudogu.legman.support:shiro:2.0.0=testRuntimeClasspath,testRuntimeClasspathCopy
com.cloudogu.legman:core:2.0.0=testCompileClasspath,testCompileClasspathCopy,testRuntimeClasspath,testRuntimeClasspathCopy
com.cloudogu.spotter:spotter-core:4.0.0=testRuntimeClasspath,testRuntimeClasspathCopy
com.cronutils:cron-utils:9.1.8=testRuntimeClasspath,testRuntimeClasspathCopy
com.damnhandy:handy-uri-templates:2.1.7=testCompileClasspath,testCompileClasspathCopy,testRuntimeClasspath,testRuntimeClasspathCopy
com.fasterxml.jackson.core:jackson-annotations:2.13.4=testCompileClasspath,testCompileClasspathCopy,testRuntimeClasspath,testRuntimeClasspathCopy
com.fasterxml.jackson.core:jackson-core:2.13.4=testCompileClasspath,testCompileClasspathCopy,testRuntimeClasspath,testRuntimeClasspathCopy
com.fasterxml.jackson.core:jackson-databind:2.13.4=testCompileClasspath,testCompileClasspathCopy,testRuntimeClasspath,testRuntimeClasspathCopy
com.fasterxml.jackson.datatype:jackson-datatype-jdk8:2.13.4=testCompileClasspath,testCompileClasspathCopy,testRuntimeClasspath,testRuntimeClasspathCopy
com.fasterxml.jackson.datatype:jackson-datatype-jsr310:2.13.4=testCompileClasspath,testCompileClasspathCopy,testRuntimeClasspath,testRuntimeClasspathCopy
com.fasterxml.jackson.jaxrs:jackson-jaxrs-base:2.13.4=testRuntimeClasspath,testRuntimeClasspathCopy
com.fasterxml.jackson.jaxrs:jackson-jaxrs-json-provider:2.13.4=testRuntimeClasspath,testRuntimeClasspathCopy
com.fasterxml.jackson.module:jackson-module-jaxb-annotations:2.13.4=testCompileClasspath,testCompileClasspathCopy,testRuntimeClasspath,testRuntimeClasspathCopy
com.fasterxml.jackson:jackson-bom:2.13.4=testCompileClasspath,testCompileClasspathCopy,testRuntimeClasspath,testRuntimeClasspathCopy
com.fasterxml:classmate:1.5.1=testCompileClasspath,testCompileClasspathCopy,testRuntimeClasspath,testRuntimeClasspathCopy
com.github.java-json-tools:btf:1.3=testRuntimeClasspath,testRuntimeClasspathCopy
com.github.java-json-tools:jackson-coreutils:2.0=testRuntimeClasspath,testRuntimeClasspathCopy
com.github.java-json-tools:json-patch:1.13=testRuntimeClasspath,testRuntimeClasspathCopy
com.github.java-json-tools:msg-simple:1.2=testRuntimeClasspath,testRuntimeClasspathCopy
com.github.sdorra:junit-shiro-extension:1.0.1=testCompileClasspath,testCompileClasspathCopy,testRuntimeClasspath,testRuntimeClasspathCopy
com.github.sdorra:shiro-unit:1.0.2=testCompileClasspath,testCompileClasspathCopy,testRuntimeClasspath,testRuntimeClasspathCopy
com.github.sdorra:ssp-lib:1.3.0=testCompileClasspath,testCompileClasspathCopy,testRuntimeClasspath,testRuntimeClasspathCopy
com.github.sdorra:web-resources:1.1.1=testRuntimeClasspath,testRuntimeClasspathCopy
com.github.spullara.mustache.java:compiler:0.9.7=testRuntimeClasspath,testRuntimeClasspathCopy
com.google.auto:auto-common:0.11=testRuntimeClasspath,testRuntimeClasspathCopy
com.google.code.findbugs:jsr305:3.0.2=testCompileClasspath,testCompileClasspathCopy,testRuntimeClasspath,testRuntimeClasspathCopy
com.google.code.gson:gson:2.8.9=testRuntimeClasspath,testRuntimeClasspathCopy
com.google.errorprone:error_prone_annotations:2.3.4=testCompileClasspath,testCompileClasspathCopy,testRuntimeClasspath,testRuntimeClasspathCopy
com.google.guava:failureaccess:1.0.1=testCompileClasspath,testCompileClasspathCopy,testRuntimeClasspath,testRuntimeClasspathCopy
com.google.guava:guava:30.1-jre=testCompileClasspath,testCompileClasspathCopy,testRuntimeClasspath,testRuntimeClasspathCopy
com.google.guava:listenablefuture:9999.0-empty-to-avoid-conflict-with-guava=testCompileClasspath,testCompileClasspathCopy,testRuntimeClasspath,testRuntimeClasspathCopy
com.google.inject.extensions:guice-assistedinject:5.0.1=testCompileClasspath,testCompileClasspathCopy,testRuntimeClasspath,testRuntimeClasspathCopy
com.google.inject.extensions:guice-multibindings:4.2.2=testRuntimeClasspath,testRuntimeClasspathCopy
com.google.inject.extensions:guice-servlet:5.0.1=testCompileClasspath,testCompileClasspathCopy,testRuntimeClasspath,testRuntimeClasspathCopy
com.google.inject.extensions:guice-throwingproviders:5.0.1=testCompileClasspath,testCompileClasspathCopy,testRuntimeClasspath,testRuntimeClasspathCopy
com.google.inject:guice:5.0.1=testCompileClasspath,testCompileClasspathCopy,testRuntimeClasspath,testRuntimeClasspathCopy
com.google.j2objc:j2objc-annotations:1.3=testCompileClasspath,testCompileClasspathCopy,testRuntimeClasspath,testRuntimeClasspathCopy
com.googlecode.javaewah:JavaEWAH:1.1.13=testCompileClasspath,testCompileClasspathCopy,testRuntimeClasspath,testRuntimeClasspathCopy
com.ibm.async:asyncutil:0.1.0=testCompileClasspath,testCompileClasspathCopy,testRuntimeClasspath,testRuntimeClasspathCopy
com.jcraft:jsch.agentproxy.connector-factory:0.0.7=testRuntimeClasspath,testRuntimeClasspathCopy
com.jcraft:jsch.agentproxy.core:0.0.7=testRuntimeClasspath,testRuntimeClasspathCopy
com.jcraft:jsch.agentproxy.pageant:0.0.7=testRuntimeClasspath,testRuntimeClasspathCopy
com.jcraft:jsch.agentproxy.sshagent:0.0.7=testRuntimeClasspath,testRuntimeClasspathCopy
com.jcraft:jsch.agentproxy.svnkit-trilead-ssh2:0.0.7=testRuntimeClasspath,testRuntimeClasspathCopy
com.jcraft:jsch.agentproxy.usocket-jna:0.0.7=testRuntimeClasspath,testRuntimeClasspathCopy
com.jcraft:jsch.agentproxy.usocket-nc:0.0.7=testRuntimeClasspath,testRuntimeClasspathCopy
com.squareup:javapoet:1.13.0=testRuntimeClasspath,testRuntimeClasspathCopy
com.sun.activation:jakarta.activation:1.2.2=testRuntimeClasspath,testRuntimeClasspathCopy
com.sun.istack:istack-commons-runtime:3.0.11=testCompileClasspath,testCompileClasspathCopy,testRuntimeClasspath,testRuntimeClasspathCopy
com.sun.jersey.contribs:jersey-apache-client:1.19.4=testCompileClasspath,testCompileClasspathCopy,testRuntimeClasspath,testRuntimeClasspathCopy
com.sun.jersey:jersey-client:1.19.4=testCompileClasspath,testCompileClasspathCopy,testRuntimeClasspath,testRuntimeClasspathCopy
com.sun.jersey:jersey-core:1.19.4=testCompileClasspath,testCompileClasspathCopy,testRuntimeClasspath,testRuntimeClasspathCopy
com.sun.mail:jakarta.mail:1.6.5=testRuntimeClasspath,testRuntimeClasspathCopy
com.sun.xml.bind:jaxb-osgi:2.3.0.1=testCompileClasspath,testCompileClasspathCopy,testRuntimeClasspath,testRuntimeClasspathCopy
com.trilead:trilead-ssh2:1.0.0-build222=testRuntimeClasspath,testRuntimeClasspathCopy
commons-beanutils:commons-beanutils:1.9.4=testCompileClasspath,testCompileClasspathCopy,testRuntimeClasspath,testRuntimeClasspathCopy
commons-codec:commons-codec:1.15=testRuntimeClasspath,testRuntimeClasspathCopy
commons-codec:commons-codec:1.9=testCompileClasspath,testCompileClasspathCopy
commons-collections:commons-collections:3.2.2=testCompileClasspath,testCompileClasspathCopy,testRuntimeClasspath,testRuntimeClasspathCopy
commons-httpclient:commons-httpclient:3.1=testCompileClasspath,testCompileClasspathCopy,testRuntimeClasspath,testRuntimeClasspathCopy
commons-io:commons-io:2.9.0=testRuntimeClasspath,testRuntimeClasspathCopy
commons-lang:commons-lang:2.6=testCompileClasspath,testCompileClasspathCopy,testRuntimeClasspath,testRuntimeClasspathCopy
commons-logging:commons-logging:1.2=testCompileClasspath,testCompileClasspathCopy,testRuntimeClasspath,testRuntimeClasspathCopy
de.otto.edison:edison-hal:2.1.0=testCompileClasspath,testCompileClasspathCopy,testRuntimeClasspath,testRuntimeClasspathCopy
de.regnis.q.sequence:sequence-library:1.0.4=testRuntimeClasspath,testRuntimeClasspathCopy
info.picocli:picocli:4.6.3=testCompileClasspath,testCompileClasspathCopy,testRuntimeClasspath,testRuntimeClasspathCopy
io.github.mweirauch:micrometer-jvm-extras:0.2.2=testRuntimeClasspath,testRuntimeClasspathCopy
io.jsonwebtoken:jjwt-api:0.11.5=testRuntimeClasspath,testRuntimeClasspathCopy
io.jsonwebtoken:jjwt-impl:0.11.5=testRuntimeClasspath,testRuntimeClasspathCopy
io.jsonwebtoken:jjwt-jackson:0.11.5=testRuntimeClasspath,testRuntimeClasspathCopy
io.micrometer:micrometer-core:1.6.4=testCompileClasspath,testCompileClasspathCopy
io.micrometer:micrometer-core:1.6.5=testRuntimeClasspath,testRuntimeClasspathCopy
io.rest-assured:json-path:4.3.0=testCompileClasspath,testCompileClasspathCopy,testRuntimeClasspath,testRuntimeClasspathCopy
io.rest-assured:rest-assured-common:4.3.0=testCompileClasspath,testCompileClasspathCopy,testRuntimeClasspath,testRuntimeClasspathCopy
io.rest-assured:rest-assured:4.3.0=testCompileClasspath,testCompileClasspathCopy,testRuntimeClasspath,testRuntimeClasspathCopy
io.rest-assured:xml-path:4.3.0=testCompileClasspath,testCompileClasspathCopy,testRuntimeClasspath,testRuntimeClasspathCopy
io.smallrye.common:smallrye-common-annotation:1.6.0=testCompileClasspath,testCompileClasspathCopy,testRuntimeClasspath,testRuntimeClasspathCopy
io.smallrye.common:smallrye-common-classloader:1.6.0=testCompileClasspath,testCompileClasspathCopy,testRuntimeClasspath,testRuntimeClasspathCopy
io.smallrye.common:smallrye-common-constraint:1.6.0=testCompileClasspath,testCompileClasspathCopy,testRuntimeClasspath,testRuntimeClasspathCopy
io.smallrye.common:smallrye-common-expression:1.6.0=testCompileClasspath,testCompileClasspathCopy,testRuntimeClasspath,testRuntimeClasspathCopy
io.smallrye.common:smallrye-common-function:1.6.0=testCompileClasspath,testCompileClasspathCopy,testRuntimeClasspath,testRuntimeClasspathCopy
io.smallrye.config:smallrye-config-common:2.3.0=testCompileClasspath,testCompileClasspathCopy,testRuntimeClasspath,testRuntimeClasspathCopy
io.smallrye.config:smallrye-config-core:2.3.0=testCompileClasspath,testCompileClasspathCopy,testRuntimeClasspath,testRuntimeClasspathCopy
io.smallrye.config:smallrye-config:2.3.0=testCompileClasspath,testCompileClasspathCopy,testRuntimeClasspath,testRuntimeClasspathCopy
io.swagger.core.v3:swagger-annotations:2.1.1=testRuntimeClasspath,testRuntimeClasspathCopy
jakarta.activation:jakarta.activation-api:1.2.2=testCompileClasspath,testCompileClasspathCopy,testRuntimeClasspath,testRuntimeClasspathCopy
jakarta.inject:jakarta.inject-api:1.0=testRuntimeClasspath,testRuntimeClasspathCopy
jakarta.validation:jakarta.validation-api:2.0.2=testCompileClasspath,testCompileClasspathCopy,testRuntimeClasspath,testRuntimeClasspathCopy
jakarta.xml.bind:jakarta.xml.bind-api:2.3.3=testCompileClasspath,testCompileClasspathCopy,testRuntimeClasspath,testRuntimeClasspathCopy
javax.activation:activation:1.1.1=testCompileClasspath,testCompileClasspathCopy,testRuntimeClasspath,testRuntimeClasspathCopy
javax.annotation:javax.annotation-api:1.3.2=testRuntimeClasspath,testRuntimeClasspathCopy
javax.el:javax.el-api:3.0.0=testCompileClasspath,testCompileClasspathCopy,testRuntimeClasspath,testRuntimeClasspathCopy
javax.inject:javax.inject:1=testCompileClasspath,testCompileClasspathCopy,testRuntimeClasspath,testRuntimeClasspathCopy
javax.servlet:javax.servlet-api:3.1.0=testCompileClasspath,testCompileClasspathCopy,testRuntimeClasspath,testRuntimeClasspathCopy
javax.servlet:servlet-api:2.5=testRuntimeClasspath,testRuntimeClasspathCopy
javax.ws.rs:javax.ws.rs-api:2.1.1=testCompileClasspath,testCompileClasspathCopy,testRuntimeClasspath,testRuntimeClasspathCopy
javax.ws.rs:jsr311-api:1.1.1=testCompileClasspath,testCompileClasspathCopy,testRuntimeClasspath,testRuntimeClasspathCopy
joda-time:joda-time:2.10=testCompileClasspath,testCompileClasspathCopy,testRuntimeClasspath,testRuntimeClasspathCopy
junit:junit:4.13.1=testCompileClasspath,testCompileClasspathCopy,testRuntimeClasspath,testRuntimeClasspathCopy
net.bytebuddy:byte-buddy-agent:1.10.18=testCompileClasspath,testCompileClasspathCopy,testRuntimeClasspath,testRuntimeClasspathCopy
net.bytebuddy:byte-buddy:1.10.18=testCompileClasspath,testCompileClasspathCopy,testRuntimeClasspath,testRuntimeClasspathCopy
net.java.dev.jna:jna-platform:5.6.0=testRuntimeClasspath,testRuntimeClasspathCopy
net.java.dev.jna:jna:5.6.0=testRuntimeClasspath,testRuntimeClasspathCopy
net.java.dev.jna:platform:3.4.0=testRuntimeClasspath,testRuntimeClasspathCopy
org.antlr:antlr-runtime:3.4=testRuntimeClasspath,testRuntimeClasspathCopy
org.apache.commons:commons-compress:1.20=testRuntimeClasspath,testRuntimeClasspathCopy
org.apache.commons:commons-lang3:3.4=testCompileClasspath,testCompileClasspathCopy,testRuntimeClasspath,testRuntimeClasspathCopy
org.apache.httpcomponents:httpclient:4.5.13=testRuntimeClasspath,testRuntimeClasspathCopy
org.apache.httpcomponents:httpclient:4.5.3=testCompileClasspath,testCompileClasspathCopy
org.apache.httpcomponents:httpcore:4.4.14=testRuntimeClasspath,testRuntimeClasspathCopy
org.apache.httpcomponents:httpcore:4.4.6=testCompileClasspath,testCompileClasspathCopy
org.apache.httpcomponents:httpmime:4.5.3=testCompileClasspath,testCompileClasspathCopy,testRuntimeClasspath,testRuntimeClasspathCopy
org.apache.james:apache-mime4j-core:0.8.3=testRuntimeClasspath,testRuntimeClasspathCopy
org.apache.james:apache-mime4j-dom:0.8.3=testRuntimeClasspath,testRuntimeClasspathCopy
org.apache.james:apache-mime4j-storage:0.8.3=testRuntimeClasspath,testRuntimeClasspathCopy
org.apache.lucene:lucene-analyzers-common:8.9.0=testRuntimeClasspath,testRuntimeClasspathCopy
org.apache.lucene:lucene-core:8.9.0=testRuntimeClasspath,testRuntimeClasspathCopy
org.apache.lucene:lucene-highlighter:8.9.0=testRuntimeClasspath,testRuntimeClasspathCopy
org.apache.lucene:lucene-memory:8.9.0=testRuntimeClasspath,testRuntimeClasspathCopy
org.apache.lucene:lucene-queries:8.9.0=testRuntimeClasspath,testRuntimeClasspathCopy
org.apache.lucene:lucene-queryparser:8.9.0=testRuntimeClasspath,testRuntimeClasspathCopy
org.apache.lucene:lucene-sandbox:8.9.0=testRuntimeClasspath,testRuntimeClasspathCopy
org.apache.shiro:shiro-cache:1.8.0=testCompileClasspath,testCompileClasspathCopy,testRuntimeClasspath,testRuntimeClasspathCopy
org.apache.shiro:shiro-config-core:1.8.0=testCompileClasspath,testCompileClasspathCopy,testRuntimeClasspath,testRuntimeClasspathCopy
org.apache.shiro:shiro-config-ogdl:1.8.0=testCompileClasspath,testCompileClasspathCopy,testRuntimeClasspath,testRuntimeClasspathCopy
org.apache.shiro:shiro-core:1.8.0=testCompileClasspath,testCompileClasspathCopy,testRuntimeClasspath,testRuntimeClasspathCopy
org.apache.shiro:shiro-crypto-cipher:1.8.0=testCompileClasspath,testCompileClasspathCopy,testRuntimeClasspath,testRuntimeClasspathCopy
org.apache.shiro:shiro-crypto-core:1.8.0=testCompileClasspath,testCompileClasspathCopy,testRuntimeClasspath,testRuntimeClasspathCopy
org.apache.shiro:shiro-crypto-hash:1.8.0=testCompileClasspath,testCompileClasspathCopy,testRuntimeClasspath,testRuntimeClasspathCopy
org.apache.shiro:shiro-event:1.8.0=testCompileClasspath,testCompileClasspathCopy,testRuntimeClasspath,testRuntimeClasspathCopy
org.apache.shiro:shiro-guice:1.8.0=testRuntimeClasspath,testRuntimeClasspathCopy
org.apache.shiro:shiro-lang:1.8.0=testCompileClasspath,testCompileClasspathCopy,testRuntimeClasspath,testRuntimeClasspathCopy
org.apache.shiro:shiro-web:1.8.0=testRuntimeClasspath,testRuntimeClasspathCopy
org.apache.sling:org.apache.sling.javax.activation:0.1.0=testCompileClasspath,testCompileClasspathCopy,testRuntimeClasspath,testRuntimeClasspathCopy
org.apache.tika:tika-core:1.25=testRuntimeClasspath,testRuntimeClasspathCopy
org.apiguardian:apiguardian-api:1.1.0=testCompileClasspath,testCompileClasspathCopy,testRuntimeClasspath,testRuntimeClasspathCopy
org.assertj:assertj-core:3.18.1=testCompileClasspath,testCompileClasspathCopy,testRuntimeClasspath,testRuntimeClasspathCopy
org.bouncycastle:bcpg-jdk15on:1.70=testRuntimeClasspath,testRuntimeClasspathCopy
org.bouncycastle:bcpkix-jdk15on:1.70=testRuntimeClasspath,testRuntimeClasspathCopy
org.bouncycastle:bcprov-jdk15on:1.70=testRuntimeClasspath,testRuntimeClasspathCopy
org.bouncycastle:bcutil-jdk15on:1.70=testRuntimeClasspath,testRuntimeClasspathCopy
org.ccil.cowan.tagsoup:tagsoup:1.2.1=testCompileClasspath,testCompileClasspathCopy,testRuntimeClasspath,testRuntimeClasspathCopy
org.checkerframework:checker-qual:3.5.0=testCompileClasspath,testCompileClasspathCopy,testRuntimeClasspath,testRuntimeClasspathCopy
org.codehaus.groovy:groovy-json:3.0.2=testCompileClasspath,testCompileClasspathCopy,testRuntimeClasspath,testRuntimeClasspathCopy
org.codehaus.groovy:groovy-xml:3.0.2=testCompileClasspath,testCompileClasspathCopy,testRuntimeClasspath,testRuntimeClasspathCopy
org.codehaus.groovy:groovy:3.0.2=testCompileClasspath,testCompileClasspathCopy,testRuntimeClasspath,testRuntimeClasspathCopy
org.eclipse.microprofile.config:microprofile-config-api:2.0=testCompileClasspath,testCompileClasspathCopy,testRuntimeClasspath,testRuntimeClasspathCopy
org.glassfish.jaxb:jaxb-runtime:2.3.3=testCompileClasspath,testCompileClasspathCopy,testRuntimeClasspath,testRuntimeClasspathCopy
org.glassfish.jaxb:txw2:2.3.3=testCompileClasspath,testCompileClasspathCopy,testRuntimeClasspath,testRuntimeClasspathCopy
org.glassfish:jakarta.el:3.0.4=testRuntimeClasspath,testRuntimeClasspathCopy
org.glassfish:javax.el:3.0.1-b11=testCompileClasspath,testCompileClasspathCopy,testRuntimeClasspath,testRuntimeClasspathCopy
org.glassfish:javax.json:1.1.4=testCompileClasspath,testCompileClasspathCopy,testRuntimeClasspath,testRuntimeClasspathCopy
org.hamcrest:hamcrest-core:2.1=testCompileClasspath,testCompileClasspathCopy,testRuntimeClasspath,testRuntimeClasspathCopy
org.hamcrest:hamcrest-library:2.1=testCompileClasspath,testCompileClasspathCopy,testRuntimeClasspath,testRuntimeClasspathCopy
org.hamcrest:hamcrest:2.1=testCompileClasspath,testCompileClasspathCopy,testRuntimeClasspath,testRuntimeClasspathCopy
org.hdrhistogram:HdrHistogram:2.1.12=testCompileClasspath,testCompileClasspathCopy,testRuntimeClasspath,testRuntimeClasspathCopy
org.hibernate.validator:hibernate-validator:6.1.6.Final=testCompileClasspath,testCompileClasspathCopy,testRuntimeClasspath,testRuntimeClasspathCopy
org.jacoco:org.jacoco.agent:0.8.7=jacocoAgentCopy,jacocoAntCopy
org.jacoco:org.jacoco.ant:0.8.7=jacocoAntCopy
org.jacoco:org.jacoco.core:0.8.7=jacocoAntCopy
org.jacoco:org.jacoco.report:0.8.7=jacocoAntCopy
org.javahg:javahg:1.0.0=testRuntimeClasspath,testRuntimeClasspathCopy
org.jboss.logging:jboss-logging:3.4.2.Final=testCompileClasspath,testCompileClasspathCopy,testRuntimeClasspath,testRuntimeClasspathCopy
org.jboss.resteasy:resteasy-client-api:4.7.5.Final=testRuntimeClasspath,testRuntimeClasspathCopy
org.jboss.resteasy:resteasy-client:4.7.5.Final=testRuntimeClasspath,testRuntimeClasspathCopy
org.jboss.resteasy:resteasy-core-spi:4.7.5.Final=testCompileClasspath,testCompileClasspathCopy,testRuntimeClasspath,testRuntimeClasspathCopy
org.jboss.resteasy:resteasy-core:4.7.5.Final=testCompileClasspath,testCompileClasspathCopy,testRuntimeClasspath,testRuntimeClasspathCopy
org.jboss.resteasy:resteasy-guice:4.7.5.Final=testRuntimeClasspath,testRuntimeClasspathCopy
org.jboss.resteasy:resteasy-jackson2-provider:4.7.5.Final=testRuntimeClasspath,testRuntimeClasspathCopy
org.jboss.resteasy:resteasy-jaxb-provider:4.7.5.Final=testRuntimeClasspath,testRuntimeClasspathCopy
org.jboss.resteasy:resteasy-multipart-provider:4.7.5.Final=testRuntimeClasspath,testRuntimeClasspathCopy
org.jboss.resteasy:resteasy-servlet-initializer:4.7.5.Final=testRuntimeClasspath,testRuntimeClasspathCopy
org.jboss.resteasy:resteasy-validator-provider:4.7.5.Final=testCompileClasspath,testCompileClasspathCopy,testRuntimeClasspath,testRuntimeClasspathCopy
org.jboss.spec.javax.annotation:jboss-annotations-api_1.3_spec:2.0.1.Final=testCompileClasspath,testCompileClasspathCopy,testRuntimeClasspath,testRuntimeClasspathCopy
org.jboss.spec.javax.ws.rs:jboss-jaxrs-api_2.1_spec:2.0.1.Final=testCompileClasspath,testCompileClasspathCopy,testRuntimeClasspath,testRuntimeClasspathCopy
org.jboss.spec.javax.xml.bind:jboss-jaxb-api_2.3_spec:2.0.0.Final=testCompileClasspath,testCompileClasspathCopy,testRuntimeClasspath,testRuntimeClasspathCopy
org.junit.jupiter:junit-jupiter-api:5.7.0=testCompileClasspath,testCompileClasspathCopy,testRuntimeClasspath,testRuntimeClasspathCopy
org.junit.jupiter:junit-jupiter-engine:5.7.0=testCompileClasspath,testCompileClasspathCopy,testRuntimeClasspath,testRuntimeClasspathCopy
org.junit.jupiter:junit-jupiter-params:5.7.0=testCompileClasspath,testCompileClasspathCopy,testRuntimeClasspath,testRuntimeClasspathCopy
org.junit.platform:junit-platform-commons:1.7.0=testCompileClasspath,testCompileClasspathCopy,testRuntimeClasspath,testRuntimeClasspathCopy
org.junit.platform:junit-platform-engine:1.7.0=testCompileClasspath,testCompileClasspathCopy,testRuntimeClasspath,testRuntimeClasspathCopy
org.junit.vintage:junit-vintage-engine:5.7.0=testCompileClasspath,testCompileClasspathCopy,testRuntimeClasspath,testRuntimeClasspathCopy
org.junit:junit-bom:5.7.0=testCompileClasspath,testCompileClasspathCopy,testRuntimeClasspath,testRuntimeClasspathCopy
org.kohsuke:akuma:1.10=testRuntimeClasspath,testRuntimeClasspathCopy
org.latencyutils:LatencyUtils:2.0.3=testRuntimeClasspath,testRuntimeClasspathCopy
org.lz4:lz4-java:1.4.1=testRuntimeClasspath,testRuntimeClasspathCopy
org.mapstruct:mapstruct-jdk8:1.3.1.Final=testCompileClasspath,testCompileClasspathCopy,testRuntimeClasspath,testRuntimeClasspathCopy
org.mapstruct:mapstruct:1.3.1.Final=testCompileClasspath,testCompileClasspathCopy,testRuntimeClasspath,testRuntimeClasspathCopy
org.mockito:mockito-core:3.6.28=testCompileClasspath,testCompileClasspathCopy,testRuntimeClasspath,testRuntimeClasspathCopy
org.mockito:mockito-junit-jupiter:3.6.28=testCompileClasspath,testCompileClasspathCopy,testRuntimeClasspath,testRuntimeClasspathCopy
org.objenesis:objenesis:3.1=testCompileClasspath,testCompileClasspathCopy,testRuntimeClasspath,testRuntimeClasspathCopy
org.opentest4j:opentest4j:1.2.0=testCompileClasspath,testCompileClasspathCopy,testRuntimeClasspath,testRuntimeClasspathCopy
org.ow2.asm:asm-analysis:9.1=jacocoAntCopy
org.ow2.asm:asm-commons:9.1=jacocoAntCopy
org.ow2.asm:asm-tree:9.1=jacocoAntCopy
org.ow2.asm:asm:9.1=jacocoAntCopy,testCompileClasspath,testCompileClasspathCopy,testRuntimeClasspath,testRuntimeClasspathCopy
org.owasp.encoder:encoder:1.2.2=testRuntimeClasspath,testRuntimeClasspathCopy
org.projectlombok:lombok:1.18.10=testRuntimeClasspath,testRuntimeClasspathCopy
org.reactivestreams:reactive-streams:1.0.3=testCompileClasspath,testCompileClasspathCopy,testRuntimeClasspath,testRuntimeClasspathCopy
org.slf4j:jcl-over-slf4j:1.7.30=testCompileClasspath,testCompileClasspathCopy,testRuntimeClasspath,testRuntimeClasspathCopy
org.slf4j:slf4j-api:1.7.30=testCompileClasspath,testCompileClasspathCopy,testRuntimeClasspath,testRuntimeClasspathCopy
org.tmatesoft.sqljet:sqljet:1.1.14=testRuntimeClasspath,testRuntimeClasspathCopy
sonia.jgit:org.eclipse.jgit.gpg.bc:6.2.0.202206071550-r-scm1=testRuntimeClasspath,testRuntimeClasspathCopy
sonia.jgit:org.eclipse.jgit.http.apache:6.2.0.202206071550-r-scm1=testRuntimeClasspath,testRuntimeClasspathCopy
sonia.jgit:org.eclipse.jgit.http.server:6.2.0.202206071550-r-scm1=testRuntimeClasspath,testRuntimeClasspathCopy
sonia.jgit:org.eclipse.jgit.lfs.server:6.2.0.202206071550-r-scm1=testRuntimeClasspath,testRuntimeClasspathCopy
sonia.jgit:org.eclipse.jgit.lfs:6.2.0.202206071550-r-scm1=testRuntimeClasspath,testRuntimeClasspathCopy
sonia.jgit:org.eclipse.jgit:6.2.0.202206071550-r-scm1=testCompileClasspath,testCompileClasspathCopy,testRuntimeClasspath,testRuntimeClasspathCopy
sonia.svnkit:svnkit-dav:1.10.3-scm2=testRuntimeClasspath,testRuntimeClasspathCopy
sonia.svnkit:svnkit:1.10.3-scm2=testRuntimeClasspath,testRuntimeClasspathCopy
empty=annotationProcessor,annotationProcessorCopy,archives,archivesCopy,compileClasspath,compileClasspathCopy,corePlugin,corePluginCopy,default,defaultCopy,itPlugin,itPluginCopy,itWebApp,itWebAppCopy,runtimeClasspath,runtimeClasspathCopy,testAnnotationProcessor,testAnnotationProcessorCopy
