# This is a Gradle generated file for dependency locking.
# Manual edits can break the build and are not advised.
# This file is expected to be part of source control.
commons-daemon:commons-daemon:1.2.3=compileClasspath,compileClasspathCopy,defaultCopy,runtimeClasspathCopy,testCompileClasspathCopy,testRuntimeClasspathCopy
javax.servlet:javax.servlet-api:3.1.0=compileClasspath,compileClasspathCopy,defaultCopy,runtimeClasspathCopy,testCompileClasspathCopy,testRuntimeClasspathCopy
org.eclipse.jetty:jetty-http:9.4.44.v20210927=compileClasspath,compileClasspathCopy,defaultCopy,runtimeClasspathCopy,testCompileClasspathCopy,testRuntimeClasspathCopy
org.eclipse.jetty:jetty-io:9.4.44.v20210927=compileClasspath,compileClasspathCopy,defaultCopy,runtimeClasspathCopy,testCompileClasspathCopy,testRuntimeClasspathCopy
org.eclipse.jetty:jetty-jmx:9.4.44.v20210927=compileClasspath,compileClasspathCopy,defaultCopy,runtimeClasspathCopy,testCompileClasspathCopy,testRuntimeClasspathCopy
org.eclipse.jetty:jetty-security:9.4.44.v20210927=compileClasspath,compileClasspathCopy,defaultCopy,runtimeClasspathCopy,testCompileClasspathCopy,testRuntimeClasspathCopy
org.eclipse.jetty:jetty-server:9.4.44.v20210927=compileClasspath,compileClasspathCopy,defaultCopy,runtimeClasspathCopy,testCompileClasspathCopy,testRuntimeClasspathCopy
org.eclipse.jetty:jetty-servlet:9.4.44.v20210927=compileClasspath,compileClasspathCopy,defaultCopy,runtimeClasspathCopy,testCompileClasspathCopy,testRuntimeClasspathCopy
org.eclipse.jetty:jetty-util-ajax:9.4.44.v20210927=compileClasspath,compileClasspathCopy,defaultCopy,runtimeClasspathCopy,testCompileClasspathCopy,testRuntimeClasspathCopy
org.eclipse.jetty:jetty-util:9.4.44.v20210927=compileClasspath,compileClasspathCopy,defaultCopy,runtimeClasspathCopy,testCompileClasspathCopy,testRuntimeClasspathCopy
org.eclipse.jetty:jetty-webapp:9.4.44.v20210927=compileClasspath,compileClasspathCopy,defaultCopy,runtimeClasspathCopy,testCompileClasspathCopy,testRuntimeClasspathCopy
org.eclipse.jetty:jetty-xml:9.4.44.v20210927=compileClasspath,compileClasspathCopy,defaultCopy,runtimeClasspathCopy,testCompileClasspathCopy,testRuntimeClasspathCopy
empty=annotationProcessor,annotationProcessorCopy,archivesCopy,testAnnotationProcessorCopy
