# This is a Gradle generated file for dependency locking.
# Manual edits can break the build and are not advised.
# This file is expected to be part of source control.
com.google.code.findbugs:jsr305:3.0.2=testCompileClasspath,testCompileClasspathCopy,testRuntimeClasspath,testRuntimeClasspathCopy
com.google.errorprone:error_prone_annotations:2.3.4=testCompileClasspath,testCompileClasspathCopy,testRuntimeClasspath,testRuntimeClasspathCopy
com.google.guava:failureaccess:1.0.1=testCompileClasspath,testCompileClasspathCopy,testRuntimeClasspath,testRuntimeClasspathCopy
com.google.guava:guava:30.1-jre=testCompileClasspath,testCompileClasspathCopy,testRuntimeClasspath,testRuntimeClasspathCopy
com.google.guava:listenablefuture:9999.0-empty-to-avoid-conflict-with-guava=testCompileClasspath,testCompileClasspathCopy,testRuntimeClasspath,testRuntimeClasspathCopy
com.google.j2objc:j2objc-annotations:1.3=testCompileClasspath,testCompileClasspathCopy,testRuntimeClasspath,testRuntimeClasspathCopy
commons-daemon:commons-daemon:1.2.3=compileClasspath,compileClasspathCopy,default,defaultCopy,runtimeClasspath,runtimeClasspathCopy,testCompileClasspath,testCompileClasspathCopy,testRuntimeClasspath,testRuntimeClasspathCopy
javax.servlet:javax.servlet-api:3.1.0=compileClasspath,compileClasspathCopy,default,defaultCopy,runtimeClasspath,runtimeClasspathCopy,testCompileClasspath,testCompileClasspathCopy,testRuntimeClasspath,testRuntimeClasspathCopy
org.apiguardian:apiguardian-api:1.1.0=testCompileClasspath,testCompileClasspathCopy,testRuntimeClasspath,testRuntimeClasspathCopy
org.assertj:assertj-core:3.18.1=testCompileClasspath,testCompileClasspathCopy,testRuntimeClasspath,testRuntimeClasspathCopy
org.checkerframework:checker-qual:3.5.0=testCompileClasspath,testCompileClasspathCopy,testRuntimeClasspath,testRuntimeClasspathCopy
org.eclipse.jetty:jetty-http:9.4.44.v20210927=compileClasspath,compileClasspathCopy,default,defaultCopy,runtimeClasspath,runtimeClasspathCopy,testCompileClasspath,testCompileClasspathCopy,testRuntimeClasspath,testRuntimeClasspathCopy
org.eclipse.jetty:jetty-io:9.4.44.v20210927=compileClasspath,compileClasspathCopy,default,defaultCopy,runtimeClasspath,runtimeClasspathCopy,testCompileClasspath,testCompileClasspathCopy,testRuntimeClasspath,testRuntimeClasspathCopy
org.eclipse.jetty:jetty-jmx:9.4.44.v20210927=compileClasspath,compileClasspathCopy,default,defaultCopy,runtimeClasspath,runtimeClasspathCopy,testCompileClasspath,testCompileClasspathCopy,testRuntimeClasspath,testRuntimeClasspathCopy
org.eclipse.jetty:jetty-security:9.4.44.v20210927=compileClasspath,compileClasspathCopy,default,defaultCopy,runtimeClasspath,runtimeClasspathCopy,testCompileClasspath,testCompileClasspathCopy,testRuntimeClasspath,testRuntimeClasspathCopy
org.eclipse.jetty:jetty-server:9.4.44.v20210927=compileClasspath,compileClasspathCopy,default,defaultCopy,runtimeClasspath,runtimeClasspathCopy,testCompileClasspath,testCompileClasspathCopy,testRuntimeClasspath,testRuntimeClasspathCopy
org.eclipse.jetty:jetty-servlet:9.4.44.v20210927=compileClasspath,compileClasspathCopy,default,defaultCopy,runtimeClasspath,runtimeClasspathCopy,testCompileClasspath,testCompileClasspathCopy,testRuntimeClasspath,testRuntimeClasspathCopy
org.eclipse.jetty:jetty-util-ajax:9.4.44.v20210927=compileClasspath,compileClasspathCopy,default,defaultCopy,runtimeClasspath,runtimeClasspathCopy,testCompileClasspath,testCompileClasspathCopy,testRuntimeClasspath,testRuntimeClasspathCopy
org.eclipse.jetty:jetty-util:9.4.44.v20210927=compileClasspath,compileClasspathCopy,default,defaultCopy,runtimeClasspath,runtimeClasspathCopy,testCompileClasspath,testCompileClasspathCopy,testRuntimeClasspath,testRuntimeClasspathCopy
org.eclipse.jetty:jetty-webapp:9.4.44.v20210927=compileClasspath,compileClasspathCopy,default,defaultCopy,runtimeClasspath,runtimeClasspathCopy,testCompileClasspath,testCompileClasspathCopy,testRuntimeClasspath,testRuntimeClasspathCopy
org.eclipse.jetty:jetty-xml:9.4.44.v20210927=compileClasspath,compileClasspathCopy,default,defaultCopy,runtimeClasspath,runtimeClasspathCopy,testCompileClasspath,testCompileClasspathCopy,testRuntimeClasspath,testRuntimeClasspathCopy
org.jacoco:org.jacoco.agent:0.8.7=jacocoAgentCopy,jacocoAntCopy
org.jacoco:org.jacoco.ant:0.8.7=jacocoAntCopy
org.jacoco:org.jacoco.core:0.8.7=jacocoAntCopy
org.jacoco:org.jacoco.report:0.8.7=jacocoAntCopy
org.junit-pioneer:junit-pioneer:1.6.2=testCompileClasspath,testCompileClasspathCopy,testRuntimeClasspath,testRuntimeClasspathCopy
org.junit.jupiter:junit-jupiter-api:5.7.0=testCompileClasspath,testCompileClasspathCopy
org.junit.jupiter:junit-jupiter-api:5.7.2=testRuntimeClasspath,testRuntimeClasspathCopy
org.junit.jupiter:junit-jupiter-engine:5.7.2=testRuntimeClasspath,testRuntimeClasspathCopy
org.junit.jupiter:junit-jupiter-params:5.7.0=testCompileClasspath,testCompileClasspathCopy
org.junit.jupiter:junit-jupiter-params:5.7.2=testRuntimeClasspath,testRuntimeClasspathCopy
org.junit.platform:junit-platform-commons:1.7.0=testCompileClasspath,testCompileClasspathCopy
org.junit.platform:junit-platform-commons:1.7.2=testRuntimeClasspath,testRuntimeClasspathCopy
org.junit.platform:junit-platform-engine:1.7.2=testRuntimeClasspath,testRuntimeClasspathCopy
org.junit.platform:junit-platform-launcher:1.7.2=testRuntimeClasspath,testRuntimeClasspathCopy
org.junit:junit-bom:5.7.0=testCompileClasspath,testCompileClasspathCopy
org.junit:junit-bom:5.7.2=testRuntimeClasspath,testRuntimeClasspathCopy
org.opentest4j:opentest4j:1.2.0=testCompileClasspath,testCompileClasspathCopy,testRuntimeClasspath,testRuntimeClasspathCopy
org.ow2.asm:asm-analysis:9.1=jacocoAntCopy
org.ow2.asm:asm-commons:9.1=jacocoAntCopy
org.ow2.asm:asm-tree:9.1=jacocoAntCopy
org.ow2.asm:asm:9.1=jacocoAntCopy
empty=annotationProcessor,annotationProcessorCopy,archives,archivesCopy,testAnnotationProcessor,testAnnotationProcessorCopy
