# This is a Gradle generated file for dependency locking.
# Manual edits can break the build and are not advised.
# This file is expected to be part of source control.
commons-daemon:commons-daemon:1.2.3=compileClasspath,compileClasspathCopy,defaultCopy,runtimeClasspathCopy,testCompileClasspath,testCompileClasspathCopy,testRuntimeClasspath,testRuntimeClasspathCopy
javax.servlet:javax.servlet-api:3.1.0=compileClasspath,compileClasspathCopy,defaultCopy,runtimeClasspathCopy,testCompileClasspath,testCompileClasspathCopy,testRuntimeClasspath,testRuntimeClasspathCopy
org.eclipse.jetty:jetty-http:9.4.44.v20210927=compileClasspath,compileClasspathCopy,defaultCopy,runtimeClasspathCopy,testCompileClasspath,testCompileClasspathCopy,testRuntimeClasspath,testRuntimeClasspathCopy
org.eclipse.jetty:jetty-io:9.4.44.v20210927=compileClasspath,compileClasspathCopy,defaultCopy,runtimeClasspathCopy,testCompileClasspath,testCompileClasspathCopy,testRuntimeClasspath,testRuntimeClasspathCopy
org.eclipse.jetty:jetty-jmx:9.4.44.v20210927=compileClasspath,compileClasspathCopy,defaultCopy,runtimeClasspathCopy,testCompileClasspath,testCompileClasspathCopy,testRuntimeClasspath,testRuntimeClasspathCopy
org.eclipse.jetty:jetty-security:9.4.44.v20210927=compileClasspath,compileClasspathCopy,defaultCopy,runtimeClasspathCopy,testCompileClasspath,testCompileClasspathCopy,testRuntimeClasspath,testRuntimeClasspathCopy
org.eclipse.jetty:jetty-server:9.4.44.v20210927=compileClasspath,compileClasspathCopy,defaultCopy,runtimeClasspathCopy,testCompileClasspath,testCompileClasspathCopy,testRuntimeClasspath,testRuntimeClasspathCopy
org.eclipse.jetty:jetty-servlet:9.4.44.v20210927=compileClasspath,compileClasspathCopy,defaultCopy,runtimeClasspathCopy,testCompileClasspath,testCompileClasspathCopy,testRuntimeClasspath,testRuntimeClasspathCopy
org.eclipse.jetty:jetty-util-ajax:9.4.44.v20210927=compileClasspath,compileClasspathCopy,defaultCopy,runtimeClasspathCopy,testCompileClasspath,testCompileClasspathCopy,testRuntimeClasspath,testRuntimeClasspathCopy
org.eclipse.jetty:jetty-util:9.4.44.v20210927=compileClasspath,compileClasspathCopy,defaultCopy,runtimeClasspathCopy,testCompileClasspath,testCompileClasspathCopy,testRuntimeClasspath,testRuntimeClasspathCopy
org.eclipse.jetty:jetty-webapp:9.4.44.v20210927=compileClasspath,compileClasspathCopy,defaultCopy,runtimeClasspathCopy,testCompileClasspath,testCompileClasspathCopy,testRuntimeClasspath,testRuntimeClasspathCopy
org.eclipse.jetty:jetty-xml:9.4.44.v20210927=compileClasspath,compileClasspathCopy,defaultCopy,runtimeClasspathCopy,testCompileClasspath,testCompileClasspathCopy,testRuntimeClasspath,testRuntimeClasspathCopy
org.jacoco:org.jacoco.agent:0.8.7=jacocoAgentCopy,jacocoAntCopy
org.jacoco:org.jacoco.ant:0.8.7=jacocoAntCopy
org.jacoco:org.jacoco.core:0.8.7=jacocoAntCopy
org.jacoco:org.jacoco.report:0.8.7=jacocoAntCopy
org.ow2.asm:asm-analysis:9.1=jacocoAntCopy
org.ow2.asm:asm-commons:9.1=jacocoAntCopy
org.ow2.asm:asm-tree:9.1=jacocoAntCopy
org.ow2.asm:asm:9.1=jacocoAntCopy
empty=annotationProcessor,annotationProcessorCopy,archivesCopy,testAnnotationProcessor,testAnnotationProcessorCopy
