# This is a Gradle generated file for dependency locking.
# Manual edits can break the build and are not advised.
# This file is expected to be part of source control.
aopalliance:aopalliance:1.0=annotationProcessor,compileClasspath,runtimeClasspath,runtimePluginElements,scmCoreDependency
com.cloudogu.conveyor:conveyor:1.0.0=annotationProcessor,compileClasspath,runtimeClasspath,runtimePluginElements,scmCoreDependency
com.cloudogu.jaxrs-tie:jaxrs-tie:1.0.5=annotationProcessor,compileClasspath,runtimeClasspath,runtimePluginElements,scmCoreDependency
com.cloudogu.legman:core:2.0.0=annotationProcessor,compileClasspath,runtimeClasspath,runtimePluginElements,scmCoreDependency
com.damnhandy:handy-uri-templates:2.1.7=annotationProcessor,compileClasspath,runtimeClasspath,runtimePluginElements,scmCoreDependency
com.fasterxml.jackson.core:jackson-annotations:2.11.1=swaggerDeps
com.fasterxml.jackson.core:jackson-annotations:2.11.3=annotationProcessor,compileClasspath,runtimeClasspath,runtimePluginElements,scmCoreDependency
com.fasterxml.jackson.core:jackson-core:2.11.1=swaggerDeps
com.fasterxml.jackson.core:jackson-core:2.11.3=annotationProcessor,compileClasspath,runtimeClasspath,runtimePluginElements,scmCoreDependency
com.fasterxml.jackson.core:jackson-databind:2.11.1=swaggerDeps
com.fasterxml.jackson.core:jackson-databind:2.11.3=annotationProcessor,compileClasspath,runtimeClasspath,runtimePluginElements,scmCoreDependency
com.fasterxml.jackson.dataformat:jackson-dataformat-yaml:2.11.1=swaggerDeps
com.fasterxml.jackson.datatype:jackson-datatype-jsr310:2.11.1=swaggerDeps
com.fasterxml.jackson.jaxrs:jackson-jaxrs-base:2.11.1=swaggerDeps
com.fasterxml.jackson.jaxrs:jackson-jaxrs-json-provider:2.11.1=swaggerDeps
com.fasterxml.jackson.module:jackson-module-jaxb-annotations:2.11.1=swaggerDeps
com.fasterxml:classmate:1.5.1=compileClasspath,runtimeClasspath,runtimePluginElements,scmCoreDependency
com.github.sdorra:junit-shiro-extension:1.0.1=compileClasspath,runtimeClasspath,runtimePluginElements,scmCoreDependency
com.github.sdorra:shiro-unit:1.0.2=compileClasspath,runtimeClasspath,runtimePluginElements,scmCoreDependency
com.github.sdorra:ssp-lib:1.3.0=compileClasspath,runtimeClasspath,runtimePluginElements,scmCoreDependency
com.google.auto:auto-common:0.11=annotationProcessor,runtimeClasspath,runtimePluginElements,scmCoreDependency
com.google.code.findbugs:jsr305:3.0.2=annotationProcessor,compileClasspath,runtimeClasspath,runtimePluginElements,scmCoreDependency
com.google.errorprone:error_prone_annotations:2.3.4=compileClasspath,runtimeClasspath,runtimePluginElements,scmCoreDependency
com.google.errorprone:error_prone_annotations:2.5.1=annotationProcessor
com.google.guava:failureaccess:1.0.1=annotationProcessor,compileClasspath,runtimeClasspath,runtimePluginElements,scmCoreDependency
com.google.guava:guava:30.1-jre=compileClasspath,runtimeClasspath,runtimePluginElements,scmCoreDependency
com.google.guava:guava:30.1.1-jre=annotationProcessor
com.google.guava:listenablefuture:9999.0-empty-to-avoid-conflict-with-guava=annotationProcessor,compileClasspath,runtimeClasspath,runtimePluginElements,scmCoreDependency
com.google.inject.extensions:guice-assistedinject:5.0.1=compileClasspath,runtimeClasspath,runtimePluginElements,scmCoreDependency
com.google.inject.extensions:guice-servlet:5.0.1=compileClasspath,runtimeClasspath,runtimePluginElements,scmCoreDependency
com.google.inject.extensions:guice-throwingproviders:5.0.1=compileClasspath,runtimeClasspath,runtimePluginElements,scmCoreDependency
com.google.inject:guice:5.0.1=annotationProcessor,compileClasspath,runtimeClasspath,runtimePluginElements,scmCoreDependency
com.google.j2objc:j2objc-annotations:1.3=annotationProcessor,compileClasspath,runtimeClasspath,runtimePluginElements,scmCoreDependency
com.ibm.async:asyncutil:0.1.0=compileClasspath,runtimeClasspath,runtimePluginElements,scmCoreDependency
com.jcraft:jsch.agentproxy.connector-factory:0.0.7=compileClasspath,runtimeClasspath
com.jcraft:jsch.agentproxy.core:0.0.7=compileClasspath,runtimeClasspath
com.jcraft:jsch.agentproxy.pageant:0.0.7=compileClasspath,runtimeClasspath
com.jcraft:jsch.agentproxy.sshagent:0.0.7=compileClasspath,runtimeClasspath
com.jcraft:jsch.agentproxy.svnkit-trilead-ssh2:0.0.7=compileClasspath,runtimeClasspath
com.jcraft:jsch.agentproxy.usocket-jna:0.0.7=compileClasspath,runtimeClasspath
com.jcraft:jsch.agentproxy.usocket-nc:0.0.7=compileClasspath,runtimeClasspath
com.squareup:javapoet:1.13.0=annotationProcessor,runtimeClasspath,runtimePluginElements,scmCoreDependency
com.sun.activation:jakarta.activation:1.2.1=compileClasspath
com.sun.activation:jakarta.activation:1.2.2=runtimeClasspath,runtimePluginElements,scmCoreDependency
com.sun.istack:istack-commons-runtime:3.0.11=compileClasspath,runtimeClasspath,runtimePluginElements,scmCoreDependency
com.trilead:trilead-ssh2:1.0.0-build222=compileClasspath,runtimeClasspath
commons-beanutils:commons-beanutils:1.9.4=compileClasspath,runtimeClasspath,runtimePluginElements,scmCoreDependency
commons-collections:commons-collections:3.2.2=compileClasspath,runtimeClasspath,runtimePluginElements,scmCoreDependency
commons-lang:commons-lang:2.6=compileClasspath,runtimeClasspath,runtimePluginElements,scmCoreDependency
de.otto.edison:edison-hal:2.1.0=annotationProcessor,compileClasspath,runtimeClasspath,runtimePluginElements,scmCoreDependency
de.regnis.q.sequence:sequence-library:1.0.4=compileClasspath,runtimeClasspath
io.github.classgraph:classgraph:4.8.65=swaggerDeps
io.micrometer:micrometer-core:1.6.4=compileClasspath,runtimeClasspath,runtimePluginElements,scmCoreDependency
io.smallrye.common:smallrye-common-annotation:1.6.0=compileClasspath,runtimeClasspath,runtimePluginElements,scmCoreDependency
io.smallrye.common:smallrye-common-classloader:1.6.0=compileClasspath,runtimeClasspath,runtimePluginElements,scmCoreDependency
io.smallrye.common:smallrye-common-constraint:1.6.0=compileClasspath,runtimeClasspath,runtimePluginElements,scmCoreDependency
io.smallrye.common:smallrye-common-expression:1.6.0=compileClasspath,runtimeClasspath,runtimePluginElements,scmCoreDependency
io.smallrye.common:smallrye-common-function:1.6.0=compileClasspath,runtimeClasspath,runtimePluginElements,scmCoreDependency
io.smallrye.config:smallrye-config-common:2.3.0=compileClasspath,runtimeClasspath,runtimePluginElements,scmCoreDependency
io.smallrye.config:smallrye-config-core:2.3.0=compileClasspath,runtimeClasspath,runtimePluginElements,scmCoreDependency
io.smallrye.config:smallrye-config:2.3.0=compileClasspath,runtimeClasspath,runtimePluginElements,scmCoreDependency
io.swagger.core.v3:swagger-annotations:2.1.1=compileClasspath,runtimeClasspath,runtimePluginElements,scmCoreDependency
io.swagger.core.v3:swagger-annotations:2.1.6=swaggerDeps
io.swagger.core.v3:swagger-core:2.1.6=swaggerDeps
io.swagger.core.v3:swagger-integration:2.1.6=swaggerDeps
io.swagger.core.v3:swagger-jaxrs2:2.1.6=swaggerDeps
io.swagger.core.v3:swagger-models:2.1.6=swaggerDeps
jakarta.activation:jakarta.activation-api:1.2.1=swaggerDeps
jakarta.activation:jakarta.activation-api:1.2.2=compileClasspath,runtimeClasspath,runtimePluginElements,scmCoreDependency
jakarta.validation:jakarta.validation-api:2.0.2=compileClasspath,runtimeClasspath,runtimePluginElements,scmCoreDependency,swaggerDeps
jakarta.xml.bind:jakarta.xml.bind-api:2.3.2=swaggerDeps
jakarta.xml.bind:jakarta.xml.bind-api:2.3.3=compileClasspath,runtimeClasspath,runtimePluginElements,scmCoreDependency
javax.el:javax.el-api:3.0.0=compileClasspath,runtimeClasspath,runtimePluginElements,scmCoreDependency
javax.inject:javax.inject:1=annotationProcessor,compileClasspath,runtimeClasspath,runtimePluginElements,scmCoreDependency
javax.servlet:javax.servlet-api:3.1.0=compileClasspath,runtimeClasspath,runtimePluginElements,scmCoreDependency,swaggerDeps
javax.servlet:servlet-api:2.5=compileClasspath,runtimeClasspath
javax.ws.rs:javax.ws.rs-api:2.1=swaggerDeps
javax.ws.rs:javax.ws.rs-api:2.1.1=annotationProcessor,compileClasspath,runtimeClasspath,runtimePluginElements,scmCoreDependency
joda-time:joda-time:2.10=annotationProcessor,compileClasspath,runtimeClasspath,runtimePluginElements,scmCoreDependency
junit:junit:4.13.1=compileClasspath,runtimeClasspath,runtimePluginElements,scmCoreDependency
net.bytebuddy:byte-buddy-agent:1.10.18=compileClasspath,runtimeClasspath,runtimePluginElements,scmCoreDependency
net.bytebuddy:byte-buddy:1.10.18=compileClasspath,runtimeClasspath,runtimePluginElements,scmCoreDependency
net.java.dev.jna:jna-platform:5.6.0=compileClasspath,runtimeClasspath
net.java.dev.jna:jna:5.6.0=compileClasspath,runtimeClasspath
net.java.dev.jna:platform:3.4.0=compileClasspath,runtimeClasspath
org.antlr:antlr-runtime:3.4=compileClasspath,runtimeClasspath
org.apache.commons:commons-compress:1.20=runtimeClasspath,runtimePluginElements,scmCoreDependency
org.apache.commons:commons-lang3:3.7=swaggerDeps
org.apache.shiro:shiro-cache:1.8.0=compileClasspath,runtimeClasspath,runtimePluginElements,scmCoreDependency
org.apache.shiro:shiro-config-core:1.8.0=compileClasspath,runtimeClasspath,runtimePluginElements,scmCoreDependency
org.apache.shiro:shiro-config-ogdl:1.8.0=compileClasspath,runtimeClasspath,runtimePluginElements,scmCoreDependency
org.apache.shiro:shiro-core:1.8.0=compileClasspath,runtimeClasspath,runtimePluginElements,scmCoreDependency
org.apache.shiro:shiro-crypto-cipher:1.8.0=compileClasspath,runtimeClasspath,runtimePluginElements,scmCoreDependency
org.apache.shiro:shiro-crypto-core:1.8.0=compileClasspath,runtimeClasspath,runtimePluginElements,scmCoreDependency
org.apache.shiro:shiro-crypto-hash:1.8.0=compileClasspath,runtimeClasspath,runtimePluginElements,scmCoreDependency
org.apache.shiro:shiro-event:1.8.0=compileClasspath,runtimeClasspath,runtimePluginElements,scmCoreDependency
org.apache.shiro:shiro-lang:1.8.0=compileClasspath,runtimeClasspath,runtimePluginElements,scmCoreDependency
org.apiguardian:apiguardian-api:1.1.0=compileClasspath,runtimeClasspath,runtimePluginElements,scmCoreDependency
org.assertj:assertj-core:3.18.1=compileClasspath,runtimeClasspath,runtimePluginElements,scmCoreDependency
org.checkerframework:checker-qual:3.5.0=compileClasspath,runtimeClasspath,runtimePluginElements,scmCoreDependency
org.checkerframework:checker-qual:3.8.0=annotationProcessor
org.eclipse.microprofile.config:microprofile-config-api:2.0=compileClasspath,runtimeClasspath,runtimePluginElements,scmCoreDependency
org.glassfish.jaxb:jaxb-runtime:2.3.3=compileClasspath,runtimeClasspath,runtimePluginElements,scmCoreDependency
org.glassfish.jaxb:txw2:2.3.3=compileClasspath,runtimeClasspath,runtimePluginElements,scmCoreDependency
org.glassfish:javax.el:3.0.1-b11=compileClasspath,runtimeClasspath,runtimePluginElements,scmCoreDependency
org.hamcrest:hamcrest-core:2.1=compileClasspath,runtimeClasspath,runtimePluginElements,scmCoreDependency
org.hamcrest:hamcrest-library:2.1=compileClasspath,runtimeClasspath,runtimePluginElements,scmCoreDependency
org.hamcrest:hamcrest:2.1=compileClasspath,runtimeClasspath,runtimePluginElements,scmCoreDependency
org.hdrhistogram:HdrHistogram:2.1.12=compileClasspath,runtimeClasspath,runtimePluginElements,scmCoreDependency
org.hibernate.validator:hibernate-validator:6.1.6.Final=compileClasspath,runtimeClasspath,runtimePluginElements,scmCoreDependency
org.javassist:javassist:3.22.0-GA=swaggerDeps
org.jboss.logging:jboss-logging:3.4.2.Final=compileClasspath,runtimeClasspath,runtimePluginElements,scmCoreDependency
org.jboss.resteasy:resteasy-core-spi:4.6.1.Final=compileClasspath,runtimeClasspath,runtimePluginElements,scmCoreDependency
org.jboss.resteasy:resteasy-core:4.6.1.Final=compileClasspath,runtimeClasspath,runtimePluginElements,scmCoreDependency
org.jboss.resteasy:resteasy-validator-provider:4.6.1.Final=compileClasspath,runtimeClasspath,runtimePluginElements,scmCoreDependency
org.jboss.spec.javax.annotation:jboss-annotations-api_1.3_spec:2.0.1.Final=compileClasspath,runtimeClasspath,runtimePluginElements,scmCoreDependency
org.jboss.spec.javax.ws.rs:jboss-jaxrs-api_2.1_spec:2.0.1.Final=compileClasspath,runtimeClasspath,runtimePluginElements,scmCoreDependency
org.jboss.spec.javax.xml.bind:jboss-jaxb-api_2.3_spec:2.0.0.Final=compileClasspath,runtimeClasspath,runtimePluginElements,scmCoreDependency
org.junit.jupiter:junit-jupiter-api:5.7.0=compileClasspath,runtimeClasspath,runtimePluginElements,scmCoreDependency
org.junit.jupiter:junit-jupiter-engine:5.7.0=compileClasspath,runtimeClasspath,runtimePluginElements,scmCoreDependency
org.junit.jupiter:junit-jupiter-params:5.7.0=compileClasspath,runtimeClasspath,runtimePluginElements,scmCoreDependency
org.junit.platform:junit-platform-commons:1.7.0=compileClasspath,runtimeClasspath,runtimePluginElements,scmCoreDependency
org.junit.platform:junit-platform-engine:1.7.0=compileClasspath,runtimeClasspath,runtimePluginElements,scmCoreDependency
org.junit.vintage:junit-vintage-engine:5.7.0=compileClasspath,runtimeClasspath,runtimePluginElements,scmCoreDependency
org.latencyutils:LatencyUtils:2.0.3=runtimeClasspath,runtimePluginElements,scmCoreDependency
org.lz4:lz4-java:1.4.1=compileClasspath,runtimeClasspath
org.mapstruct:mapstruct-jdk8:1.3.1.Final=annotationProcessor,compileClasspath,runtimeClasspath,runtimePluginElements,scmCoreDependency
org.mapstruct:mapstruct-processor:1.3.1.Final=annotationProcessor
org.mapstruct:mapstruct:1.3.1.Final=annotationProcessor,compileClasspath,runtimeClasspath,runtimePluginElements,scmCoreDependency
org.mockito:mockito-core:3.6.28=compileClasspath,runtimeClasspath,runtimePluginElements,scmCoreDependency
org.mockito:mockito-junit-jupiter:3.6.28=compileClasspath,runtimeClasspath,runtimePluginElements,scmCoreDependency
org.objenesis:objenesis:3.1=compileClasspath,runtimeClasspath,runtimePluginElements,scmCoreDependency
org.opentest4j:opentest4j:1.2.0=compileClasspath,runtimeClasspath,runtimePluginElements,scmCoreDependency
org.ow2.asm:asm:9.1=compileClasspath,runtimeClasspath,runtimePluginElements,scmCoreDependency
org.projectlombok:lombok:1.18.10=compileClasspath,runtimeClasspath,runtimePluginElements,scmCoreDependency
org.projectlombok:lombok:1.18.12=annotationProcessor
org.reactivestreams:reactive-streams:1.0.3=compileClasspath,runtimeClasspath,runtimePluginElements,scmCoreDependency
org.slf4j:jcl-over-slf4j:1.7.30=compileClasspath,runtimeClasspath,runtimePluginElements,scmCoreDependency
org.slf4j:slf4j-api:1.7.25=swaggerDeps
org.slf4j:slf4j-api:1.7.30=annotationProcessor,compileClasspath,runtimeClasspath,runtimePluginElements,scmCoreDependency
org.tmatesoft.sqljet:sqljet:1.1.14=compileClasspath,runtimeClasspath
org.yaml:snakeyaml:1.26=swaggerDeps
sonia.svnkit:svnkit-dav:1.10.3-scm1=compileClasspath,runtimeClasspath
sonia.svnkit:svnkit:1.10.3-scm1=compileClasspath,runtimeClasspath
empty=optionalPlugin,plugin
